
Microsoft Visual Studio Solution File, Format Version 12.00
# Visual Studio 15
VisualStudioVersion = 15.0.27703.2035
MinimumVisualStudioVersion = 10.0.40219.1
Project("{FAE04EC0-301F-11D3-BF4B-00C04F79EFBC}") = "EasyMath", "..\Lecture07\EasyMath\EasyMath.csproj", "{B0B91D9D-682F-4CA2-99D3-740438794C28}"
EndProject
Project("{FAE04EC0-301F-11D3-BF4B-00C04F79EFBC}") = "Example01", "Example01\Example01.csproj", "{2BCC0708-7616-4414-9F06-E085B94C96EB}"
EndProject
Global
	GlobalSection(SolutionConfigurationPlatforms) = preSolution
		Debug|Any CPU = Debug|Any CPU
		Release|Any CPU = Release|Any CPU
	EndGlobalSection
	GlobalSection(ProjectConfigurationPlatforms) = postSolution
		{B0B91D9D-682F-4CA2-99D3-740438794C28}.Debug|Any CPU.ActiveCfg = Debug|Any CPU
		{B0B91D9D-682F-4CA2-99D3-740438794C28}.Debug|Any CPU.Build.0 = Debug|Any CPU
		{B0B91D9D-682F-4CA2-99D3-740438794C28}.Release|Any CPU.ActiveCfg = Release|Any CPU
		{B0B91D9D-682F-4CA2-99D3-740438794C28}.Release|Any CPU.Build.0 = Release|Any CPU
		{2BCC0708-7616-4414-9F06-E085B94C96EB}.Debug|Any CPU.ActiveCfg = Debug|Any CPU
		{2BCC0708-7616-4414-9F06-E085B94C96EB}.Debug|Any CPU.Build.0 = Debug|Any CPU
		{2BCC0708-7616-4414-9F06-E085B94C96EB}.Release|Any CPU.ActiveCfg = Release|Any CPU
		{2BCC0708-7616-4414-9F06-E085B94C96EB}.Release|Any CPU.Build.0 = Release|Any CPU
	EndGlobalSection
	GlobalSection(SolutionProperties) = preSolution
		HideSolutionNode = FALSE
	EndGlobalSection
	GlobalSection(ExtensibilityGlobals) = postSolution
		SolutionGuid = {A861C30F-13FA-4350-BA6F-899D838EE891}
	EndGlobalSection
EndGlobal
