
Microsoft Visual Studio Solution File, Format Version 12.00
# Visual Studio 15
VisualStudioVersion = 15.0.26228.9
MinimumVisualStudioVersion = 10.0.40219.1
Project("{FAE04EC0-301F-11D3-BF4B-00C04F79EFBC}") = "Example01", "Example01\Example01.csproj", "{4C6416C7-D6F0-4C80-B75F-210B28AC9883}"
EndProject
Project("{FAE04EC0-301F-11D3-BF4B-00C04F79EFBC}") = "Example02", "Example02\Example02.csproj", "{FA7157B5-63A8-4EE3-A8C5-8BF605B202DE}"
EndProject
Project("{FAE04EC0-301F-11D3-BF4B-00C04F79EFBC}") = "Example03", "Example03\Example03.csproj", "{0099E6E9-0329-4C66-8A46-7EC21FE38ECE}"
EndProject
Project("{FAE04EC0-301F-11D3-BF4B-00C04F79EFBC}") = "Example04", "Example04\Example04.csproj", "{46DE7B35-B4EC-462F-BDC3-BF8DC8B26824}"
EndProject
Project("{FAE04EC0-301F-11D3-BF4B-00C04F79EFBC}") = "Example05", "Example05\Example05.csproj", "{7BBD5C24-3E0C-4602-B4CA-3D98F1425A11}"
EndProject
Project("{FAE04EC0-301F-11D3-BF4B-00C04F79EFBC}") = "Example06", "Example06\Example06.csproj", "{09C35E8F-B44E-4657-974E-E9F9E28038C2}"
EndProject
Global
	GlobalSection(SolutionConfigurationPlatforms) = preSolution
		Debug|Any CPU = Debug|Any CPU
		Release|Any CPU = Release|Any CPU
	EndGlobalSection
	GlobalSection(ProjectConfigurationPlatforms) = postSolution
		{4C6416C7-D6F0-4C80-B75F-210B28AC9883}.Debug|Any CPU.ActiveCfg = Debug|Any CPU
		{4C6416C7-D6F0-4C80-B75F-210B28AC9883}.Debug|Any CPU.Build.0 = Debug|Any CPU
		{4C6416C7-D6F0-4C80-B75F-210B28AC9883}.Release|Any CPU.ActiveCfg = Release|Any CPU
		{4C6416C7-D6F0-4C80-B75F-210B28AC9883}.Release|Any CPU.Build.0 = Release|Any CPU
		{FA7157B5-63A8-4EE3-A8C5-8BF605B202DE}.Debug|Any CPU.ActiveCfg = Debug|Any CPU
		{FA7157B5-63A8-4EE3-A8C5-8BF605B202DE}.Debug|Any CPU.Build.0 = Debug|Any CPU
		{FA7157B5-63A8-4EE3-A8C5-8BF605B202DE}.Release|Any CPU.ActiveCfg = Release|Any CPU
		{FA7157B5-63A8-4EE3-A8C5-8BF605B202DE}.Release|Any CPU.Build.0 = Release|Any CPU
		{0099E6E9-0329-4C66-8A46-7EC21FE38ECE}.Debug|Any CPU.ActiveCfg = Debug|Any CPU
		{0099E6E9-0329-4C66-8A46-7EC21FE38ECE}.Debug|Any CPU.Build.0 = Debug|Any CPU
		{0099E6E9-0329-4C66-8A46-7EC21FE38ECE}.Release|Any CPU.ActiveCfg = Release|Any CPU
		{0099E6E9-0329-4C66-8A46-7EC21FE38ECE}.Release|Any CPU.Build.0 = Release|Any CPU
		{46DE7B35-B4EC-462F-BDC3-BF8DC8B26824}.Debug|Any CPU.ActiveCfg = Debug|Any CPU
		{46DE7B35-B4EC-462F-BDC3-BF8DC8B26824}.Debug|Any CPU.Build.0 = Debug|Any CPU
		{46DE7B35-B4EC-462F-BDC3-BF8DC8B26824}.Release|Any CPU.ActiveCfg = Release|Any CPU
		{46DE7B35-B4EC-462F-BDC3-BF8DC8B26824}.Release|Any CPU.Build.0 = Release|Any CPU
		{7BBD5C24-3E0C-4602-B4CA-3D98F1425A11}.Debug|Any CPU.ActiveCfg = Debug|Any CPU
		{7BBD5C24-3E0C-4602-B4CA-3D98F1425A11}.Debug|Any CPU.Build.0 = Debug|Any CPU
		{7BBD5C24-3E0C-4602-B4CA-3D98F1425A11}.Release|Any CPU.ActiveCfg = Release|Any CPU
		{7BBD5C24-3E0C-4602-B4CA-3D98F1425A11}.Release|Any CPU.Build.0 = Release|Any CPU
		{09C35E8F-B44E-4657-974E-E9F9E28038C2}.Debug|Any CPU.ActiveCfg = Debug|Any CPU
		{09C35E8F-B44E-4657-974E-E9F9E28038C2}.Debug|Any CPU.Build.0 = Debug|Any CPU
		{09C35E8F-B44E-4657-974E-E9F9E28038C2}.Release|Any CPU.ActiveCfg = Release|Any CPU
		{09C35E8F-B44E-4657-974E-E9F9E28038C2}.Release|Any CPU.Build.0 = Release|Any CPU
	EndGlobalSection
	GlobalSection(SolutionProperties) = preSolution
		HideSolutionNode = FALSE
	EndGlobalSection
EndGlobal
