
Microsoft Visual Studio Solution File, Format Version 12.00
# Visual Studio 15
VisualStudioVersion = 15.0.26228.9
MinimumVisualStudioVersion = 10.0.40219.1
Project("{FAE04EC0-301F-11D3-BF4B-00C04F79EFBC}") = "MathLibrary", "MathLibrary\MathLibrary.csproj", "{4037A911-2024-479B-A277-FE4D7E73DEC5}"
EndProject
Project("{FAE04EC0-301F-11D3-BF4B-00C04F79EFBC}") = "Example01", "Example01\Example01.csproj", "{E45D0C32-1625-494B-9BBF-397A55130E96}"
EndProject
Project("{FAE04EC0-301F-11D3-BF4B-00C04F79EFBC}") = "MyToolBox", "MyToolBox\MyToolBox.csproj", "{1502B753-2667-4860-A8DC-64AD424AA615}"
EndProject
Global
	GlobalSection(SolutionConfigurationPlatforms) = preSolution
		Debug|Any CPU = Debug|Any CPU
		Release|Any CPU = Release|Any CPU
	EndGlobalSection
	GlobalSection(ProjectConfigurationPlatforms) = postSolution
		{4037A911-2024-479B-A277-FE4D7E73DEC5}.Debug|Any CPU.ActiveCfg = Debug|Any CPU
		{4037A911-2024-479B-A277-FE4D7E73DEC5}.Debug|Any CPU.Build.0 = Debug|Any CPU
		{4037A911-2024-479B-A277-FE4D7E73DEC5}.Release|Any CPU.ActiveCfg = Release|Any CPU
		{4037A911-2024-479B-A277-FE4D7E73DEC5}.Release|Any CPU.Build.0 = Release|Any CPU
		{E45D0C32-1625-494B-9BBF-397A55130E96}.Debug|Any CPU.ActiveCfg = Debug|Any CPU
		{E45D0C32-1625-494B-9BBF-397A55130E96}.Debug|Any CPU.Build.0 = Debug|Any CPU
		{E45D0C32-1625-494B-9BBF-397A55130E96}.Release|Any CPU.ActiveCfg = Release|Any CPU
		{E45D0C32-1625-494B-9BBF-397A55130E96}.Release|Any CPU.Build.0 = Release|Any CPU
		{1502B753-2667-4860-A8DC-64AD424AA615}.Debug|Any CPU.ActiveCfg = Debug|Any CPU
		{1502B753-2667-4860-A8DC-64AD424AA615}.Debug|Any CPU.Build.0 = Debug|Any CPU
		{1502B753-2667-4860-A8DC-64AD424AA615}.Release|Any CPU.ActiveCfg = Release|Any CPU
		{1502B753-2667-4860-A8DC-64AD424AA615}.Release|Any CPU.Build.0 = Release|Any CPU
	EndGlobalSection
	GlobalSection(SolutionProperties) = preSolution
		HideSolutionNode = FALSE
	EndGlobalSection
EndGlobal
