
Microsoft Visual Studio Solution File, Format Version 12.00
# Visual Studio 15
VisualStudioVersion = 15.0.27130.2003
MinimumVisualStudioVersion = 10.0.40219.1
Project("{FAE04EC0-301F-11D3-BF4B-00C04F79EFBC}") = "ERPLibrary", "ERPLibrary\ERPLibrary.csproj", "{751CEB18-FDE5-4BFF-B8AF-CA5BF1EDE9B9}"
EndProject
Project("{FAE04EC0-301F-11D3-BF4B-00C04F79EFBC}") = "Example01", "Example01\Example01.csproj", "{493E5093-F9C9-420E-A762-8B80BD140314}"
EndProject
Project("{FAE04EC0-301F-11D3-BF4B-00C04F79EFBC}") = "EasyMath", "EasyMath\EasyMath.csproj", "{DA31EB76-D364-4DEF-825D-3562E49A8516}"
EndProject
Project("{FAE04EC0-301F-11D3-BF4B-00C04F79EFBC}") = "Example02", "Example02\Example02.csproj", "{5A8B2858-D3C5-405E-AF50-28FF908F6140}"
EndProject
Global
	GlobalSection(SolutionConfigurationPlatforms) = preSolution
		Debug|Any CPU = Debug|Any CPU
		Release|Any CPU = Release|Any CPU
	EndGlobalSection
	GlobalSection(ProjectConfigurationPlatforms) = postSolution
		{751CEB18-FDE5-4BFF-B8AF-CA5BF1EDE9B9}.Debug|Any CPU.ActiveCfg = Debug|Any CPU
		{751CEB18-FDE5-4BFF-B8AF-CA5BF1EDE9B9}.Debug|Any CPU.Build.0 = Debug|Any CPU
		{751CEB18-FDE5-4BFF-B8AF-CA5BF1EDE9B9}.Release|Any CPU.ActiveCfg = Release|Any CPU
		{751CEB18-FDE5-4BFF-B8AF-CA5BF1EDE9B9}.Release|Any CPU.Build.0 = Release|Any CPU
		{493E5093-F9C9-420E-A762-8B80BD140314}.Debug|Any CPU.ActiveCfg = Debug|Any CPU
		{493E5093-F9C9-420E-A762-8B80BD140314}.Debug|Any CPU.Build.0 = Debug|Any CPU
		{493E5093-F9C9-420E-A762-8B80BD140314}.Release|Any CPU.ActiveCfg = Release|Any CPU
		{493E5093-F9C9-420E-A762-8B80BD140314}.Release|Any CPU.Build.0 = Release|Any CPU
		{DA31EB76-D364-4DEF-825D-3562E49A8516}.Debug|Any CPU.ActiveCfg = Debug|Any CPU
		{DA31EB76-D364-4DEF-825D-3562E49A8516}.Debug|Any CPU.Build.0 = Debug|Any CPU
		{DA31EB76-D364-4DEF-825D-3562E49A8516}.Release|Any CPU.ActiveCfg = Release|Any CPU
		{DA31EB76-D364-4DEF-825D-3562E49A8516}.Release|Any CPU.Build.0 = Release|Any CPU
		{5A8B2858-D3C5-405E-AF50-28FF908F6140}.Debug|Any CPU.ActiveCfg = Debug|Any CPU
		{5A8B2858-D3C5-405E-AF50-28FF908F6140}.Debug|Any CPU.Build.0 = Debug|Any CPU
		{5A8B2858-D3C5-405E-AF50-28FF908F6140}.Release|Any CPU.ActiveCfg = Release|Any CPU
		{5A8B2858-D3C5-405E-AF50-28FF908F6140}.Release|Any CPU.Build.0 = Release|Any CPU
	EndGlobalSection
	GlobalSection(SolutionProperties) = preSolution
		HideSolutionNode = FALSE
	EndGlobalSection
	GlobalSection(ExtensibilityGlobals) = postSolution
		SolutionGuid = {E041835F-4F15-44D2-BA25-20831070C65A}
	EndGlobalSection
EndGlobal
