
Microsoft Visual Studio Solution File, Format Version 12.00
# Visual Studio 15
VisualStudioVersion = 15.0.27703.2035
MinimumVisualStudioVersion = 10.0.40219.1
Project("{FAE04EC0-301F-11D3-BF4B-00C04F79EFBC}") = "EmployeeLibrary", "EmployeeLibrary\EmployeeLibrary.csproj", "{A40ECDD0-3416-4E1B-B6AC-A6E409BEEC37}"
EndProject
Project("{FAE04EC0-301F-11D3-BF4B-00C04F79EFBC}") = "Example01", "Example01\Example01.csproj", "{4B8900AD-6BB0-4849-AEDB-A5416E35C8E5}"
EndProject
Project("{FAE04EC0-301F-11D3-BF4B-00C04F79EFBC}") = "Example02", "Example02\Example02.csproj", "{DD6D58B5-B55D-4CCC-9BDA-FDDEC7F9D01F}"
EndProject
Project("{FAE04EC0-301F-11D3-BF4B-00C04F79EFBC}") = "EasyMath", "..\Lecture07\EasyMath\EasyMath.csproj", "{B0B91D9D-682F-4CA2-99D3-740438794C28}"
EndProject
Project("{FAE04EC0-301F-11D3-BF4B-00C04F79EFBC}") = "Example03", "Example03\Example03.csproj", "{144DE335-8E5B-4BE4-A307-25DD7AEE5AC3}"
EndProject
Global
	GlobalSection(SolutionConfigurationPlatforms) = preSolution
		Debug|Any CPU = Debug|Any CPU
		Release|Any CPU = Release|Any CPU
	EndGlobalSection
	GlobalSection(ProjectConfigurationPlatforms) = postSolution
		{A40ECDD0-3416-4E1B-B6AC-A6E409BEEC37}.Debug|Any CPU.ActiveCfg = Debug|Any CPU
		{A40ECDD0-3416-4E1B-B6AC-A6E409BEEC37}.Debug|Any CPU.Build.0 = Debug|Any CPU
		{A40ECDD0-3416-4E1B-B6AC-A6E409BEEC37}.Release|Any CPU.ActiveCfg = Release|Any CPU
		{A40ECDD0-3416-4E1B-B6AC-A6E409BEEC37}.Release|Any CPU.Build.0 = Release|Any CPU
		{4B8900AD-6BB0-4849-AEDB-A5416E35C8E5}.Debug|Any CPU.ActiveCfg = Debug|Any CPU
		{4B8900AD-6BB0-4849-AEDB-A5416E35C8E5}.Debug|Any CPU.Build.0 = Debug|Any CPU
		{4B8900AD-6BB0-4849-AEDB-A5416E35C8E5}.Release|Any CPU.ActiveCfg = Release|Any CPU
		{4B8900AD-6BB0-4849-AEDB-A5416E35C8E5}.Release|Any CPU.Build.0 = Release|Any CPU
		{DD6D58B5-B55D-4CCC-9BDA-FDDEC7F9D01F}.Debug|Any CPU.ActiveCfg = Debug|Any CPU
		{DD6D58B5-B55D-4CCC-9BDA-FDDEC7F9D01F}.Debug|Any CPU.Build.0 = Debug|Any CPU
		{DD6D58B5-B55D-4CCC-9BDA-FDDEC7F9D01F}.Release|Any CPU.ActiveCfg = Release|Any CPU
		{DD6D58B5-B55D-4CCC-9BDA-FDDEC7F9D01F}.Release|Any CPU.Build.0 = Release|Any CPU
		{B0B91D9D-682F-4CA2-99D3-740438794C28}.Debug|Any CPU.ActiveCfg = Debug|Any CPU
		{B0B91D9D-682F-4CA2-99D3-740438794C28}.Debug|Any CPU.Build.0 = Debug|Any CPU
		{B0B91D9D-682F-4CA2-99D3-740438794C28}.Release|Any CPU.ActiveCfg = Release|Any CPU
		{B0B91D9D-682F-4CA2-99D3-740438794C28}.Release|Any CPU.Build.0 = Release|Any CPU
		{144DE335-8E5B-4BE4-A307-25DD7AEE5AC3}.Debug|Any CPU.ActiveCfg = Debug|Any CPU
		{144DE335-8E5B-4BE4-A307-25DD7AEE5AC3}.Debug|Any CPU.Build.0 = Debug|Any CPU
		{144DE335-8E5B-4BE4-A307-25DD7AEE5AC3}.Release|Any CPU.ActiveCfg = Release|Any CPU
		{144DE335-8E5B-4BE4-A307-25DD7AEE5AC3}.Release|Any CPU.Build.0 = Release|Any CPU
	EndGlobalSection
	GlobalSection(SolutionProperties) = preSolution
		HideSolutionNode = FALSE
	EndGlobalSection
	GlobalSection(ExtensibilityGlobals) = postSolution
		SolutionGuid = {6DC0FCBC-B58D-4185-9DC9-86229EC839BB}
	EndGlobalSection
EndGlobal
