
Microsoft Visual Studio Solution File, Format Version 12.00
# Visual Studio 15
VisualStudioVersion = 15.0.26228.9
MinimumVisualStudioVersion = 10.0.40219.1
Project("{FAE04EC0-301F-11D3-BF4B-00C04F79EFBC}") = "Lecture10 - Observer Pattern", "Lecture10 - Observer Pattern\Lecture10 - Observer Pattern.csproj", "{CB95CEE8-CBAB-4168-A379-8E8B934D1D83}"
EndProject
Project("{FAE04EC0-301F-11D3-BF4B-00C04F79EFBC}") = "WeatherStationLibrary", "..\WeatherStationLibrary\WeatherStationLibrary\WeatherStationLibrary.csproj", "{3867EC65-6E20-4177-BE80-368676F253E7}"
EndProject
Project("{FAE04EC0-301F-11D3-BF4B-00C04F79EFBC}") = "EasyMathLibrary", "..\EasyMathLibrary\EasyMathLibrary\EasyMathLibrary.csproj", "{0B440026-7568-4812-B67D-7489BEEE5EEB}"
EndProject
Project("{FAE04EC0-301F-11D3-BF4B-00C04F79EFBC}") = "ConsoleApp", "ConsoleApp\ConsoleApp.csproj", "{EA6A9CD5-6A49-4953-855B-84A03273AF95}"
EndProject
Global
	GlobalSection(SolutionConfigurationPlatforms) = preSolution
		Debug|Any CPU = Debug|Any CPU
		Release|Any CPU = Release|Any CPU
	EndGlobalSection
	GlobalSection(ProjectConfigurationPlatforms) = postSolution
		{CB95CEE8-CBAB-4168-A379-8E8B934D1D83}.Debug|Any CPU.ActiveCfg = Debug|Any CPU
		{CB95CEE8-CBAB-4168-A379-8E8B934D1D83}.Debug|Any CPU.Build.0 = Debug|Any CPU
		{CB95CEE8-CBAB-4168-A379-8E8B934D1D83}.Release|Any CPU.ActiveCfg = Release|Any CPU
		{CB95CEE8-CBAB-4168-A379-8E8B934D1D83}.Release|Any CPU.Build.0 = Release|Any CPU
		{3867EC65-6E20-4177-BE80-368676F253E7}.Debug|Any CPU.ActiveCfg = Debug|Any CPU
		{3867EC65-6E20-4177-BE80-368676F253E7}.Debug|Any CPU.Build.0 = Debug|Any CPU
		{3867EC65-6E20-4177-BE80-368676F253E7}.Release|Any CPU.ActiveCfg = Release|Any CPU
		{3867EC65-6E20-4177-BE80-368676F253E7}.Release|Any CPU.Build.0 = Release|Any CPU
		{0B440026-7568-4812-B67D-7489BEEE5EEB}.Debug|Any CPU.ActiveCfg = Debug|Any CPU
		{0B440026-7568-4812-B67D-7489BEEE5EEB}.Debug|Any CPU.Build.0 = Debug|Any CPU
		{0B440026-7568-4812-B67D-7489BEEE5EEB}.Release|Any CPU.ActiveCfg = Release|Any CPU
		{0B440026-7568-4812-B67D-7489BEEE5EEB}.Release|Any CPU.Build.0 = Release|Any CPU
		{EA6A9CD5-6A49-4953-855B-84A03273AF95}.Debug|Any CPU.ActiveCfg = Debug|Any CPU
		{EA6A9CD5-6A49-4953-855B-84A03273AF95}.Debug|Any CPU.Build.0 = Debug|Any CPU
		{EA6A9CD5-6A49-4953-855B-84A03273AF95}.Release|Any CPU.ActiveCfg = Release|Any CPU
		{EA6A9CD5-6A49-4953-855B-84A03273AF95}.Release|Any CPU.Build.0 = Release|Any CPU
	EndGlobalSection
	GlobalSection(SolutionProperties) = preSolution
		HideSolutionNode = FALSE
	EndGlobalSection
EndGlobal
