
Microsoft Visual Studio Solution File, Format Version 12.00
# Visual Studio 15
VisualStudioVersion = 15.0.27130.2003
MinimumVisualStudioVersion = 10.0.40219.1
Project("{FAE04EC0-301F-11D3-BF4B-00C04F79EFBC}") = "Example01_NestedForLoop", "Example01_NestedForLoop\Example01_NestedForLoop.csproj", "{44B49CFC-0F02-4F63-B8D6-88F93C7D7E5F}"
EndProject
Project("{FAE04EC0-301F-11D3-BF4B-00C04F79EFBC}") = "Example02_WhileLoop", "Example02_WhileLoop\Example02_WhileLoop.csproj", "{0C4178E4-C950-4542-9F38-D174252CA1F2}"
EndProject
Project("{FAE04EC0-301F-11D3-BF4B-00C04F79EFBC}") = "Example03_BreakAndContinue", "Example03_BreakAndContinue\Example03_BreakAndContinue.csproj", "{4B72CDA1-72AB-4C84-8E03-03B9D3F845F7}"
EndProject
Global
	GlobalSection(SolutionConfigurationPlatforms) = preSolution
		Debug|Any CPU = Debug|Any CPU
		Release|Any CPU = Release|Any CPU
	EndGlobalSection
	GlobalSection(ProjectConfigurationPlatforms) = postSolution
		{44B49CFC-0F02-4F63-B8D6-88F93C7D7E5F}.Debug|Any CPU.ActiveCfg = Debug|Any CPU
		{44B49CFC-0F02-4F63-B8D6-88F93C7D7E5F}.Debug|Any CPU.Build.0 = Debug|Any CPU
		{44B49CFC-0F02-4F63-B8D6-88F93C7D7E5F}.Release|Any CPU.ActiveCfg = Release|Any CPU
		{44B49CFC-0F02-4F63-B8D6-88F93C7D7E5F}.Release|Any CPU.Build.0 = Release|Any CPU
		{0C4178E4-C950-4542-9F38-D174252CA1F2}.Debug|Any CPU.ActiveCfg = Debug|Any CPU
		{0C4178E4-C950-4542-9F38-D174252CA1F2}.Debug|Any CPU.Build.0 = Debug|Any CPU
		{0C4178E4-C950-4542-9F38-D174252CA1F2}.Release|Any CPU.ActiveCfg = Release|Any CPU
		{0C4178E4-C950-4542-9F38-D174252CA1F2}.Release|Any CPU.Build.0 = Release|Any CPU
		{4B72CDA1-72AB-4C84-8E03-03B9D3F845F7}.Debug|Any CPU.ActiveCfg = Debug|Any CPU
		{4B72CDA1-72AB-4C84-8E03-03B9D3F845F7}.Debug|Any CPU.Build.0 = Debug|Any CPU
		{4B72CDA1-72AB-4C84-8E03-03B9D3F845F7}.Release|Any CPU.ActiveCfg = Release|Any CPU
		{4B72CDA1-72AB-4C84-8E03-03B9D3F845F7}.Release|Any CPU.Build.0 = Release|Any CPU
	EndGlobalSection
	GlobalSection(SolutionProperties) = preSolution
		HideSolutionNode = FALSE
	EndGlobalSection
	GlobalSection(ExtensibilityGlobals) = postSolution
		SolutionGuid = {6A36BBFC-81BC-4C4E-8359-D8C1CA3703FF}
	EndGlobalSection
EndGlobal
