
Microsoft Visual Studio Solution File, Format Version 12.00
# Visual Studio 15
VisualStudioVersion = 15.0.27703.2035
MinimumVisualStudioVersion = 10.0.40219.1
Project("{FAE04EC0-301F-11D3-BF4B-00C04F79EFBC}") = "EasyMath", "..\Lecture06-Examples\EasyMath\EasyMath.csproj", "{BD0A1761-A698-4B7D-BFFE-1E734BB13B8B}"
EndProject
Project("{FAE04EC0-301F-11D3-BF4B-00C04F79EFBC}") = "Example01", "Example01\Example01.csproj", "{4E589E02-E97A-4483-B00B-38E80D6A4007}"
EndProject
Project("{FAE04EC0-301F-11D3-BF4B-00C04F79EFBC}") = "Example02", "Example02\Example02.csproj", "{BF1DE4F0-771C-4766-AF3F-D3D007928E60}"
EndProject
Global
	GlobalSection(SolutionConfigurationPlatforms) = preSolution
		Debug|Any CPU = Debug|Any CPU
		Release|Any CPU = Release|Any CPU
	EndGlobalSection
	GlobalSection(ProjectConfigurationPlatforms) = postSolution
		{BD0A1761-A698-4B7D-BFFE-1E734BB13B8B}.Debug|Any CPU.ActiveCfg = Debug|Any CPU
		{BD0A1761-A698-4B7D-BFFE-1E734BB13B8B}.Debug|Any CPU.Build.0 = Debug|Any CPU
		{BD0A1761-A698-4B7D-BFFE-1E734BB13B8B}.Release|Any CPU.ActiveCfg = Release|Any CPU
		{BD0A1761-A698-4B7D-BFFE-1E734BB13B8B}.Release|Any CPU.Build.0 = Release|Any CPU
		{4E589E02-E97A-4483-B00B-38E80D6A4007}.Debug|Any CPU.ActiveCfg = Debug|Any CPU
		{4E589E02-E97A-4483-B00B-38E80D6A4007}.Debug|Any CPU.Build.0 = Debug|Any CPU
		{4E589E02-E97A-4483-B00B-38E80D6A4007}.Release|Any CPU.ActiveCfg = Release|Any CPU
		{4E589E02-E97A-4483-B00B-38E80D6A4007}.Release|Any CPU.Build.0 = Release|Any CPU
		{BF1DE4F0-771C-4766-AF3F-D3D007928E60}.Debug|Any CPU.ActiveCfg = Debug|Any CPU
		{BF1DE4F0-771C-4766-AF3F-D3D007928E60}.Debug|Any CPU.Build.0 = Debug|Any CPU
		{BF1DE4F0-771C-4766-AF3F-D3D007928E60}.Release|Any CPU.ActiveCfg = Release|Any CPU
		{BF1DE4F0-771C-4766-AF3F-D3D007928E60}.Release|Any CPU.Build.0 = Release|Any CPU
	EndGlobalSection
	GlobalSection(SolutionProperties) = preSolution
		HideSolutionNode = FALSE
	EndGlobalSection
	GlobalSection(ExtensibilityGlobals) = postSolution
		SolutionGuid = {A299169D-9971-4FB8-8135-B1800BB118CA}
	EndGlobalSection
EndGlobal
