
Microsoft Visual Studio Solution File, Format Version 12.00
# Visual Studio 15
VisualStudioVersion = 15.0.26228.9
MinimumVisualStudioVersion = 10.0.40219.1
Project("{FAE04EC0-301F-11D3-BF4B-00C04F79EFBC}") = "Example01", "Example01\Example01.csproj", "{76A0D56B-95C2-472A-A965-450556CA94A8}"
EndProject
Project("{FAE04EC0-301F-11D3-BF4B-00C04F79EFBC}") = "EasyMathLibrary", "..\CommonLibraries\EasyMathLibrary\EasyMathLibrary.csproj", "{0CE7638D-7E90-4515-8A47-B4E3EB0AA474}"
EndProject
Project("{FAE04EC0-301F-11D3-BF4B-00C04F79EFBC}") = "Example02", "Example02\Example02.csproj", "{7C3243CA-2A0D-4C92-9059-80BC7FCC308C}"
EndProject
Project("{FAE04EC0-301F-11D3-BF4B-00C04F79EFBC}") = "Example03", "Example03\Example03.csproj", "{2D9C4652-4136-41A0-A7CB-1D72658978E5}"
EndProject
Global
	GlobalSection(SolutionConfigurationPlatforms) = preSolution
		Debug|Any CPU = Debug|Any CPU
		Release|Any CPU = Release|Any CPU
	EndGlobalSection
	GlobalSection(ProjectConfigurationPlatforms) = postSolution
		{76A0D56B-95C2-472A-A965-450556CA94A8}.Debug|Any CPU.ActiveCfg = Debug|Any CPU
		{76A0D56B-95C2-472A-A965-450556CA94A8}.Debug|Any CPU.Build.0 = Debug|Any CPU
		{76A0D56B-95C2-472A-A965-450556CA94A8}.Release|Any CPU.ActiveCfg = Release|Any CPU
		{76A0D56B-95C2-472A-A965-450556CA94A8}.Release|Any CPU.Build.0 = Release|Any CPU
		{0CE7638D-7E90-4515-8A47-B4E3EB0AA474}.Debug|Any CPU.ActiveCfg = Debug|Any CPU
		{0CE7638D-7E90-4515-8A47-B4E3EB0AA474}.Debug|Any CPU.Build.0 = Debug|Any CPU
		{0CE7638D-7E90-4515-8A47-B4E3EB0AA474}.Release|Any CPU.ActiveCfg = Release|Any CPU
		{0CE7638D-7E90-4515-8A47-B4E3EB0AA474}.Release|Any CPU.Build.0 = Release|Any CPU
		{7C3243CA-2A0D-4C92-9059-80BC7FCC308C}.Debug|Any CPU.ActiveCfg = Debug|Any CPU
		{7C3243CA-2A0D-4C92-9059-80BC7FCC308C}.Debug|Any CPU.Build.0 = Debug|Any CPU
		{7C3243CA-2A0D-4C92-9059-80BC7FCC308C}.Release|Any CPU.ActiveCfg = Release|Any CPU
		{7C3243CA-2A0D-4C92-9059-80BC7FCC308C}.Release|Any CPU.Build.0 = Release|Any CPU
		{2D9C4652-4136-41A0-A7CB-1D72658978E5}.Debug|Any CPU.ActiveCfg = Debug|Any CPU
		{2D9C4652-4136-41A0-A7CB-1D72658978E5}.Debug|Any CPU.Build.0 = Debug|Any CPU
		{2D9C4652-4136-41A0-A7CB-1D72658978E5}.Release|Any CPU.ActiveCfg = Release|Any CPU
		{2D9C4652-4136-41A0-A7CB-1D72658978E5}.Release|Any CPU.Build.0 = Release|Any CPU
	EndGlobalSection
	GlobalSection(SolutionProperties) = preSolution
		HideSolutionNode = FALSE
	EndGlobalSection
EndGlobal
