
Microsoft Visual Studio Solution File, Format Version 12.00
# Visual Studio 15
VisualStudioVersion = 15.0.26228.9
MinimumVisualStudioVersion = 10.0.40219.1
Project("{FAE04EC0-301F-11D3-BF4B-00C04F79EFBC}") = "Example01", "Example01\Example01.csproj", "{7E071E65-F017-4824-88FD-907196C01116}"
EndProject
Project("{FAE04EC0-301F-11D3-BF4B-00C04F79EFBC}") = "Example02", "Example02\Example02.csproj", "{566BD5CA-8B2B-4187-ACBF-64F4352D4C2D}"
EndProject
Project("{FAE04EC0-301F-11D3-BF4B-00C04F79EFBC}") = "Example03", "Example03\Example03.csproj", "{B52C2089-0C86-4B8E-B136-8080FC63867B}"
EndProject
Project("{FAE04EC0-301F-11D3-BF4B-00C04F79EFBC}") = "Example04", "Example04\Example04.csproj", "{524BCA13-1BBA-487D-984B-0BD78E196414}"
EndProject
Project("{FAE04EC0-301F-11D3-BF4B-00C04F79EFBC}") = "Example05", "Example05\Example05.csproj", "{EC305372-D1D1-48C9-9B31-363D167EA36B}"
EndProject
Project("{FAE04EC0-301F-11D3-BF4B-00C04F79EFBC}") = "Example06", "Example06\Example06.csproj", "{613FAAB7-2A33-414E-834B-439A95CD422D}"
EndProject
Global
	GlobalSection(SolutionConfigurationPlatforms) = preSolution
		Debug|Any CPU = Debug|Any CPU
		Release|Any CPU = Release|Any CPU
	EndGlobalSection
	GlobalSection(ProjectConfigurationPlatforms) = postSolution
		{7E071E65-F017-4824-88FD-907196C01116}.Debug|Any CPU.ActiveCfg = Debug|Any CPU
		{7E071E65-F017-4824-88FD-907196C01116}.Debug|Any CPU.Build.0 = Debug|Any CPU
		{7E071E65-F017-4824-88FD-907196C01116}.Release|Any CPU.ActiveCfg = Release|Any CPU
		{7E071E65-F017-4824-88FD-907196C01116}.Release|Any CPU.Build.0 = Release|Any CPU
		{566BD5CA-8B2B-4187-ACBF-64F4352D4C2D}.Debug|Any CPU.ActiveCfg = Debug|Any CPU
		{566BD5CA-8B2B-4187-ACBF-64F4352D4C2D}.Debug|Any CPU.Build.0 = Debug|Any CPU
		{566BD5CA-8B2B-4187-ACBF-64F4352D4C2D}.Release|Any CPU.ActiveCfg = Release|Any CPU
		{566BD5CA-8B2B-4187-ACBF-64F4352D4C2D}.Release|Any CPU.Build.0 = Release|Any CPU
		{B52C2089-0C86-4B8E-B136-8080FC63867B}.Debug|Any CPU.ActiveCfg = Debug|Any CPU
		{B52C2089-0C86-4B8E-B136-8080FC63867B}.Debug|Any CPU.Build.0 = Debug|Any CPU
		{B52C2089-0C86-4B8E-B136-8080FC63867B}.Release|Any CPU.ActiveCfg = Release|Any CPU
		{B52C2089-0C86-4B8E-B136-8080FC63867B}.Release|Any CPU.Build.0 = Release|Any CPU
		{524BCA13-1BBA-487D-984B-0BD78E196414}.Debug|Any CPU.ActiveCfg = Debug|Any CPU
		{524BCA13-1BBA-487D-984B-0BD78E196414}.Debug|Any CPU.Build.0 = Debug|Any CPU
		{524BCA13-1BBA-487D-984B-0BD78E196414}.Release|Any CPU.ActiveCfg = Release|Any CPU
		{524BCA13-1BBA-487D-984B-0BD78E196414}.Release|Any CPU.Build.0 = Release|Any CPU
		{EC305372-D1D1-48C9-9B31-363D167EA36B}.Debug|Any CPU.ActiveCfg = Debug|Any CPU
		{EC305372-D1D1-48C9-9B31-363D167EA36B}.Debug|Any CPU.Build.0 = Debug|Any CPU
		{EC305372-D1D1-48C9-9B31-363D167EA36B}.Release|Any CPU.ActiveCfg = Release|Any CPU
		{EC305372-D1D1-48C9-9B31-363D167EA36B}.Release|Any CPU.Build.0 = Release|Any CPU
		{613FAAB7-2A33-414E-834B-439A95CD422D}.Debug|Any CPU.ActiveCfg = Debug|Any CPU
		{613FAAB7-2A33-414E-834B-439A95CD422D}.Debug|Any CPU.Build.0 = Debug|Any CPU
		{613FAAB7-2A33-414E-834B-439A95CD422D}.Release|Any CPU.ActiveCfg = Release|Any CPU
		{613FAAB7-2A33-414E-834B-439A95CD422D}.Release|Any CPU.Build.0 = Release|Any CPU
	EndGlobalSection
	GlobalSection(SolutionProperties) = preSolution
		HideSolutionNode = FALSE
	EndGlobalSection
EndGlobal
