
Microsoft Visual Studio Solution File, Format Version 12.00
# Visual Studio 15
VisualStudioVersion = 15.0.26228.9
MinimumVisualStudioVersion = 10.0.40219.1
Project("{FAE04EC0-301F-11D3-BF4B-00C04F79EFBC}") = "Example01", "Example01\Example01.csproj", "{F65EA73A-FD10-4A01-8A2C-936E98612473}"
EndProject
Project("{FAE04EC0-301F-11D3-BF4B-00C04F79EFBC}") = "SQLiteApp", "SQLiteApp\SQLiteApp.csproj", "{7C6912FD-8C7D-4C17-81FC-92C140DB6DA3}"
EndProject
Global
	GlobalSection(SolutionConfigurationPlatforms) = preSolution
		Debug|Any CPU = Debug|Any CPU
		Release|Any CPU = Release|Any CPU
	EndGlobalSection
	GlobalSection(ProjectConfigurationPlatforms) = postSolution
		{F65EA73A-FD10-4A01-8A2C-936E98612473}.Debug|Any CPU.ActiveCfg = Debug|Any CPU
		{F65EA73A-FD10-4A01-8A2C-936E98612473}.Debug|Any CPU.Build.0 = Debug|Any CPU
		{F65EA73A-FD10-4A01-8A2C-936E98612473}.Release|Any CPU.ActiveCfg = Release|Any CPU
		{F65EA73A-FD10-4A01-8A2C-936E98612473}.Release|Any CPU.Build.0 = Release|Any CPU
		{7C6912FD-8C7D-4C17-81FC-92C140DB6DA3}.Debug|Any CPU.ActiveCfg = Debug|Any CPU
		{7C6912FD-8C7D-4C17-81FC-92C140DB6DA3}.Debug|Any CPU.Build.0 = Debug|Any CPU
		{7C6912FD-8C7D-4C17-81FC-92C140DB6DA3}.Release|Any CPU.ActiveCfg = Release|Any CPU
		{7C6912FD-8C7D-4C17-81FC-92C140DB6DA3}.Release|Any CPU.Build.0 = Release|Any CPU
	EndGlobalSection
	GlobalSection(SolutionProperties) = preSolution
		HideSolutionNode = FALSE
	EndGlobalSection
EndGlobal
