
Microsoft Visual Studio Solution File, Format Version 12.00
# Visual Studio 15
VisualStudioVersion = 15.0.26228.9
MinimumVisualStudioVersion = 10.0.40219.1
Project("{FAE04EC0-301F-11D3-BF4B-00C04F79EFBC}") = "PokemonLibrary", "PokemonLibrary\PokemonLibrary.csproj", "{8ABDF610-AE9E-405C-ACDF-8A377DC227B8}"
EndProject
Project("{FAE04EC0-301F-11D3-BF4B-00C04F79EFBC}") = "TestApp", "TestApp\TestApp.csproj", "{64D4F7D3-2792-4078-82D7-FAE22B220C93}"
EndProject
Project("{FAE04EC0-301F-11D3-BF4B-00C04F79EFBC}") = "TestWindowsFormsApp", "TestWindowsFormsApp\TestWindowsFormsApp.csproj", "{32D4433D-C58B-47F7-8FAE-5D0DE514F278}"
EndProject
Global
	GlobalSection(SolutionConfigurationPlatforms) = preSolution
		Debug|Any CPU = Debug|Any CPU
		Release|Any CPU = Release|Any CPU
	EndGlobalSection
	GlobalSection(ProjectConfigurationPlatforms) = postSolution
		{8ABDF610-AE9E-405C-ACDF-8A377DC227B8}.Debug|Any CPU.ActiveCfg = Debug|Any CPU
		{8ABDF610-AE9E-405C-ACDF-8A377DC227B8}.Debug|Any CPU.Build.0 = Debug|Any CPU
		{8ABDF610-AE9E-405C-ACDF-8A377DC227B8}.Release|Any CPU.ActiveCfg = Release|Any CPU
		{8ABDF610-AE9E-405C-ACDF-8A377DC227B8}.Release|Any CPU.Build.0 = Release|Any CPU
		{64D4F7D3-2792-4078-82D7-FAE22B220C93}.Debug|Any CPU.ActiveCfg = Debug|Any CPU
		{64D4F7D3-2792-4078-82D7-FAE22B220C93}.Debug|Any CPU.Build.0 = Debug|Any CPU
		{64D4F7D3-2792-4078-82D7-FAE22B220C93}.Release|Any CPU.ActiveCfg = Release|Any CPU
		{64D4F7D3-2792-4078-82D7-FAE22B220C93}.Release|Any CPU.Build.0 = Release|Any CPU
		{32D4433D-C58B-47F7-8FAE-5D0DE514F278}.Debug|Any CPU.ActiveCfg = Debug|Any CPU
		{32D4433D-C58B-47F7-8FAE-5D0DE514F278}.Debug|Any CPU.Build.0 = Debug|Any CPU
		{32D4433D-C58B-47F7-8FAE-5D0DE514F278}.Release|Any CPU.ActiveCfg = Release|Any CPU
		{32D4433D-C58B-47F7-8FAE-5D0DE514F278}.Release|Any CPU.Build.0 = Release|Any CPU
	EndGlobalSection
	GlobalSection(SolutionProperties) = preSolution
		HideSolutionNode = FALSE
	EndGlobalSection
EndGlobal
