
Microsoft Visual Studio Solution File, Format Version 12.00
# Visual Studio 15
VisualStudioVersion = 15.0.27428.2015
MinimumVisualStudioVersion = 10.0.40219.1
Project("{FAE04EC0-301F-11D3-BF4B-00C04F79EFBC}") = "EasyMath", "..\Lecture08\EasyMath\EasyMath.csproj", "{DA31EB76-D364-4DEF-825D-3562E49A8516}"
EndProject
Project("{FAE04EC0-301F-11D3-BF4B-00C04F79EFBC}") = "Example01 - Random Vector Generator", "Example01 - Random Vector Generator\Example01 - Random Vector Generator.csproj", "{1D1EBB10-B4AE-421F-939F-3D6F2EDF5C5A}"
EndProject
Project("{FAE04EC0-301F-11D3-BF4B-00C04F79EFBC}") = "Example02", "Example02\Example02.csproj", "{2BD9FBD2-97EA-42FE-B8D5-51F6902A0224}"
EndProject
Global
	GlobalSection(SolutionConfigurationPlatforms) = preSolution
		Debug|Any CPU = Debug|Any CPU
		Release|Any CPU = Release|Any CPU
	EndGlobalSection
	GlobalSection(ProjectConfigurationPlatforms) = postSolution
		{DA31EB76-D364-4DEF-825D-3562E49A8516}.Debug|Any CPU.ActiveCfg = Debug|Any CPU
		{DA31EB76-D364-4DEF-825D-3562E49A8516}.Debug|Any CPU.Build.0 = Debug|Any CPU
		{DA31EB76-D364-4DEF-825D-3562E49A8516}.Release|Any CPU.ActiveCfg = Release|Any CPU
		{DA31EB76-D364-4DEF-825D-3562E49A8516}.Release|Any CPU.Build.0 = Release|Any CPU
		{1D1EBB10-B4AE-421F-939F-3D6F2EDF5C5A}.Debug|Any CPU.ActiveCfg = Debug|Any CPU
		{1D1EBB10-B4AE-421F-939F-3D6F2EDF5C5A}.Debug|Any CPU.Build.0 = Debug|Any CPU
		{1D1EBB10-B4AE-421F-939F-3D6F2EDF5C5A}.Release|Any CPU.ActiveCfg = Release|Any CPU
		{1D1EBB10-B4AE-421F-939F-3D6F2EDF5C5A}.Release|Any CPU.Build.0 = Release|Any CPU
		{2BD9FBD2-97EA-42FE-B8D5-51F6902A0224}.Debug|Any CPU.ActiveCfg = Debug|Any CPU
		{2BD9FBD2-97EA-42FE-B8D5-51F6902A0224}.Debug|Any CPU.Build.0 = Debug|Any CPU
		{2BD9FBD2-97EA-42FE-B8D5-51F6902A0224}.Release|Any CPU.ActiveCfg = Release|Any CPU
		{2BD9FBD2-97EA-42FE-B8D5-51F6902A0224}.Release|Any CPU.Build.0 = Release|Any CPU
	EndGlobalSection
	GlobalSection(SolutionProperties) = preSolution
		HideSolutionNode = FALSE
	EndGlobalSection
	GlobalSection(ExtensibilityGlobals) = postSolution
		SolutionGuid = {7B545D1B-8859-48AD-BAA6-AA553EB4EE8A}
	EndGlobalSection
EndGlobal
