
Microsoft Visual Studio Solution File, Format Version 12.00
# Visual Studio 15
VisualStudioVersion = 15.0.27130.2003
MinimumVisualStudioVersion = 10.0.40219.1
Project("{FAE04EC0-301F-11D3-BF4B-00C04F79EFBC}") = "StudentLibrary", "..\Lecture04\StudentLibrary\StudentLibrary.csproj", "{7B6FB980-2F86-4E36-BBE0-7381F7F5B5AB}"
EndProject
Global
	GlobalSection(SolutionConfigurationPlatforms) = preSolution
		Debug|Any CPU = Debug|Any CPU
		Release|Any CPU = Release|Any CPU
	EndGlobalSection
	GlobalSection(ProjectConfigurationPlatforms) = postSolution
		{7B6FB980-2F86-4E36-BBE0-7381F7F5B5AB}.Debug|Any CPU.ActiveCfg = Debug|Any CPU
		{7B6FB980-2F86-4E36-BBE0-7381F7F5B5AB}.Debug|Any CPU.Build.0 = Debug|Any CPU
		{7B6FB980-2F86-4E36-BBE0-7381F7F5B5AB}.Release|Any CPU.ActiveCfg = Release|Any CPU
		{7B6FB980-2F86-4E36-BBE0-7381F7F5B5AB}.Release|Any CPU.Build.0 = Release|Any CPU
	EndGlobalSection
	GlobalSection(SolutionProperties) = preSolution
		HideSolutionNode = FALSE
	EndGlobalSection
	GlobalSection(ExtensibilityGlobals) = postSolution
		SolutionGuid = {E64D6E19-1897-47D2-903F-794DE12212E5}
	EndGlobalSection
EndGlobal
