
Microsoft Visual Studio Solution File, Format Version 12.00
# Visual Studio 15
VisualStudioVersion = 15.0.26228.9
MinimumVisualStudioVersion = 10.0.40219.1
Project("{FAE04EC0-301F-11D3-BF4B-00C04F79EFBC}") = "Example01", "Example01\Example01.csproj", "{DAEC920F-5548-4F58-BCAA-5D716459BAFE}"
EndProject
Project("{FAE04EC0-301F-11D3-BF4B-00C04F79EFBC}") = "Example02", "Example02\Example02.csproj", "{077E2B97-C413-44AF-934E-085B23613497}"
EndProject
Project("{FAE04EC0-301F-11D3-BF4B-00C04F79EFBC}") = "Code.org", "..\Lecture04-Examples\Code.org\Code.org.csproj", "{804BBB2E-6844-4421-850B-46AF6F9C9400}"
EndProject
Project("{FAE04EC0-301F-11D3-BF4B-00C04F79EFBC}") = "AppleStoreLibrary", "..\Lecture03-Examples\AppleStoreLibrary\AppleStoreLibrary.csproj", "{7074D719-8D3B-410E-B151-9290B203ECA5}"
EndProject
Project("{FAE04EC0-301F-11D3-BF4B-00C04F79EFBC}") = "Example03", "Example03\Example03.csproj", "{1C24E0D4-6269-4D7F-A6F1-5226168CDA5A}"
EndProject
Project("{FAE04EC0-301F-11D3-BF4B-00C04F79EFBC}") = "Example04", "Example04\Example04.csproj", "{5F6F5F0E-E6DA-4938-A67B-ABBE1369FAC1}"
EndProject
Project("{FAE04EC0-301F-11D3-BF4B-00C04F79EFBC}") = "Example06", "Example06\Example06.csproj", "{4F24CCA3-BF38-493D-986F-6BD93B08B560}"
EndProject
Global
	GlobalSection(SolutionConfigurationPlatforms) = preSolution
		Debug|Any CPU = Debug|Any CPU
		Release|Any CPU = Release|Any CPU
	EndGlobalSection
	GlobalSection(ProjectConfigurationPlatforms) = postSolution
		{DAEC920F-5548-4F58-BCAA-5D716459BAFE}.Debug|Any CPU.ActiveCfg = Debug|Any CPU
		{DAEC920F-5548-4F58-BCAA-5D716459BAFE}.Debug|Any CPU.Build.0 = Debug|Any CPU
		{DAEC920F-5548-4F58-BCAA-5D716459BAFE}.Release|Any CPU.ActiveCfg = Release|Any CPU
		{DAEC920F-5548-4F58-BCAA-5D716459BAFE}.Release|Any CPU.Build.0 = Release|Any CPU
		{077E2B97-C413-44AF-934E-085B23613497}.Debug|Any CPU.ActiveCfg = Debug|Any CPU
		{077E2B97-C413-44AF-934E-085B23613497}.Debug|Any CPU.Build.0 = Debug|Any CPU
		{077E2B97-C413-44AF-934E-085B23613497}.Release|Any CPU.ActiveCfg = Release|Any CPU
		{077E2B97-C413-44AF-934E-085B23613497}.Release|Any CPU.Build.0 = Release|Any CPU
		{804BBB2E-6844-4421-850B-46AF6F9C9400}.Debug|Any CPU.ActiveCfg = Debug|Any CPU
		{804BBB2E-6844-4421-850B-46AF6F9C9400}.Debug|Any CPU.Build.0 = Debug|Any CPU
		{804BBB2E-6844-4421-850B-46AF6F9C9400}.Release|Any CPU.ActiveCfg = Release|Any CPU
		{804BBB2E-6844-4421-850B-46AF6F9C9400}.Release|Any CPU.Build.0 = Release|Any CPU
		{7074D719-8D3B-410E-B151-9290B203ECA5}.Debug|Any CPU.ActiveCfg = Debug|Any CPU
		{7074D719-8D3B-410E-B151-9290B203ECA5}.Debug|Any CPU.Build.0 = Debug|Any CPU
		{7074D719-8D3B-410E-B151-9290B203ECA5}.Release|Any CPU.ActiveCfg = Release|Any CPU
		{7074D719-8D3B-410E-B151-9290B203ECA5}.Release|Any CPU.Build.0 = Release|Any CPU
		{1C24E0D4-6269-4D7F-A6F1-5226168CDA5A}.Debug|Any CPU.ActiveCfg = Debug|Any CPU
		{1C24E0D4-6269-4D7F-A6F1-5226168CDA5A}.Debug|Any CPU.Build.0 = Debug|Any CPU
		{1C24E0D4-6269-4D7F-A6F1-5226168CDA5A}.Release|Any CPU.ActiveCfg = Release|Any CPU
		{1C24E0D4-6269-4D7F-A6F1-5226168CDA5A}.Release|Any CPU.Build.0 = Release|Any CPU
		{5F6F5F0E-E6DA-4938-A67B-ABBE1369FAC1}.Debug|Any CPU.ActiveCfg = Debug|Any CPU
		{5F6F5F0E-E6DA-4938-A67B-ABBE1369FAC1}.Debug|Any CPU.Build.0 = Debug|Any CPU
		{5F6F5F0E-E6DA-4938-A67B-ABBE1369FAC1}.Release|Any CPU.ActiveCfg = Release|Any CPU
		{5F6F5F0E-E6DA-4938-A67B-ABBE1369FAC1}.Release|Any CPU.Build.0 = Release|Any CPU
		{4F24CCA3-BF38-493D-986F-6BD93B08B560}.Debug|Any CPU.ActiveCfg = Debug|Any CPU
		{4F24CCA3-BF38-493D-986F-6BD93B08B560}.Debug|Any CPU.Build.0 = Debug|Any CPU
		{4F24CCA3-BF38-493D-986F-6BD93B08B560}.Release|Any CPU.ActiveCfg = Release|Any CPU
		{4F24CCA3-BF38-493D-986F-6BD93B08B560}.Release|Any CPU.Build.0 = Release|Any CPU
	EndGlobalSection
	GlobalSection(SolutionProperties) = preSolution
		HideSolutionNode = FALSE
	EndGlobalSection
EndGlobal
