
Microsoft Visual Studio Solution File, Format Version 12.00
# Visual Studio 15
VisualStudioVersion = 15.0.26228.9
MinimumVisualStudioVersion = 10.0.40219.1
Project("{FAE04EC0-301F-11D3-BF4B-00C04F79EFBC}") = "Example01", "Example01\Example01.csproj", "{158D5F2A-F0F1-443E-A535-967FFED7C886}"
EndProject
Project("{FAE04EC0-301F-11D3-BF4B-00C04F79EFBC}") = "Example02", "Example02\Example02.csproj", "{97D681EB-DAD7-4111-8B98-E15E199F4AA9}"
EndProject
Project("{FAE04EC0-301F-11D3-BF4B-00C04F79EFBC}") = "StudentLibrary", "..\CommonLibraries\StudentLibrary\StudentLibrary.csproj", "{54D9DC2B-D15C-4538-ABC2-8FCA65301AF1}"
EndProject
Project("{FAE04EC0-301F-11D3-BF4B-00C04F79EFBC}") = "AppleStoreLibrary", "..\CommonLibraries\AppleStoreLibrary\AppleStoreLibrary.csproj", "{BDA5120D-4AAC-4BA9-80BD-9FF43E74EE4A}"
EndProject
Project("{FAE04EC0-301F-11D3-BF4B-00C04F79EFBC}") = "PokemonRunLibrary", "..\CommonLibraries\PokemonRunLibrary\PokemonRunLibrary.csproj", "{2CF2CEE8-0D80-4B1F-9778-29B787EFF8F5}"
EndProject
Project("{FAE04EC0-301F-11D3-BF4B-00C04F79EFBC}") = "Example03", "Example03\Example03.csproj", "{29A32F3D-9DDD-4CE4-A123-52FD8A151345}"
EndProject
Project("{FAE04EC0-301F-11D3-BF4B-00C04F79EFBC}") = "Example04", "Example04\Example04.csproj", "{30CBEAAA-319A-4865-98B7-70951E141ECF}"
EndProject
Global
	GlobalSection(SolutionConfigurationPlatforms) = preSolution
		Debug|Any CPU = Debug|Any CPU
		Release|Any CPU = Release|Any CPU
	EndGlobalSection
	GlobalSection(ProjectConfigurationPlatforms) = postSolution
		{158D5F2A-F0F1-443E-A535-967FFED7C886}.Debug|Any CPU.ActiveCfg = Debug|Any CPU
		{158D5F2A-F0F1-443E-A535-967FFED7C886}.Debug|Any CPU.Build.0 = Debug|Any CPU
		{158D5F2A-F0F1-443E-A535-967FFED7C886}.Release|Any CPU.ActiveCfg = Release|Any CPU
		{158D5F2A-F0F1-443E-A535-967FFED7C886}.Release|Any CPU.Build.0 = Release|Any CPU
		{97D681EB-DAD7-4111-8B98-E15E199F4AA9}.Debug|Any CPU.ActiveCfg = Debug|Any CPU
		{97D681EB-DAD7-4111-8B98-E15E199F4AA9}.Debug|Any CPU.Build.0 = Debug|Any CPU
		{97D681EB-DAD7-4111-8B98-E15E199F4AA9}.Release|Any CPU.ActiveCfg = Release|Any CPU
		{97D681EB-DAD7-4111-8B98-E15E199F4AA9}.Release|Any CPU.Build.0 = Release|Any CPU
		{54D9DC2B-D15C-4538-ABC2-8FCA65301AF1}.Debug|Any CPU.ActiveCfg = Debug|Any CPU
		{54D9DC2B-D15C-4538-ABC2-8FCA65301AF1}.Debug|Any CPU.Build.0 = Debug|Any CPU
		{54D9DC2B-D15C-4538-ABC2-8FCA65301AF1}.Release|Any CPU.ActiveCfg = Release|Any CPU
		{54D9DC2B-D15C-4538-ABC2-8FCA65301AF1}.Release|Any CPU.Build.0 = Release|Any CPU
		{BDA5120D-4AAC-4BA9-80BD-9FF43E74EE4A}.Debug|Any CPU.ActiveCfg = Debug|Any CPU
		{BDA5120D-4AAC-4BA9-80BD-9FF43E74EE4A}.Debug|Any CPU.Build.0 = Debug|Any CPU
		{BDA5120D-4AAC-4BA9-80BD-9FF43E74EE4A}.Release|Any CPU.ActiveCfg = Release|Any CPU
		{BDA5120D-4AAC-4BA9-80BD-9FF43E74EE4A}.Release|Any CPU.Build.0 = Release|Any CPU
		{2CF2CEE8-0D80-4B1F-9778-29B787EFF8F5}.Debug|Any CPU.ActiveCfg = Debug|Any CPU
		{2CF2CEE8-0D80-4B1F-9778-29B787EFF8F5}.Debug|Any CPU.Build.0 = Debug|Any CPU
		{2CF2CEE8-0D80-4B1F-9778-29B787EFF8F5}.Release|Any CPU.ActiveCfg = Release|Any CPU
		{2CF2CEE8-0D80-4B1F-9778-29B787EFF8F5}.Release|Any CPU.Build.0 = Release|Any CPU
		{29A32F3D-9DDD-4CE4-A123-52FD8A151345}.Debug|Any CPU.ActiveCfg = Debug|Any CPU
		{29A32F3D-9DDD-4CE4-A123-52FD8A151345}.Debug|Any CPU.Build.0 = Debug|Any CPU
		{29A32F3D-9DDD-4CE4-A123-52FD8A151345}.Release|Any CPU.ActiveCfg = Release|Any CPU
		{29A32F3D-9DDD-4CE4-A123-52FD8A151345}.Release|Any CPU.Build.0 = Release|Any CPU
		{30CBEAAA-319A-4865-98B7-70951E141ECF}.Debug|Any CPU.ActiveCfg = Debug|Any CPU
		{30CBEAAA-319A-4865-98B7-70951E141ECF}.Debug|Any CPU.Build.0 = Debug|Any CPU
		{30CBEAAA-319A-4865-98B7-70951E141ECF}.Release|Any CPU.ActiveCfg = Release|Any CPU
		{30CBEAAA-319A-4865-98B7-70951E141ECF}.Release|Any CPU.Build.0 = Release|Any CPU
	EndGlobalSection
	GlobalSection(SolutionProperties) = preSolution
		HideSolutionNode = FALSE
	EndGlobalSection
EndGlobal
