
Microsoft Visual Studio Solution File, Format Version 12.00
# Visual Studio 15
VisualStudioVersion = 15.0.27428.2015
MinimumVisualStudioVersion = 10.0.40219.1
Project("{FAE04EC0-301F-11D3-BF4B-00C04F79EFBC}") = "Example01", "Example01\Example01.csproj", "{E734D505-A19C-436E-A3F0-BEC2D0AD7255}"
EndProject
Project("{FAE04EC0-301F-11D3-BF4B-00C04F79EFBC}") = "Example02", "Example02\Example02.csproj", "{E59AC1B8-679E-4337-816F-86A5BC6CDC66}"
EndProject
Project("{FAE04EC0-301F-11D3-BF4B-00C04F79EFBC}") = "BMICalculator", "BMICalculator\BMICalculator.csproj", "{6D254015-D247-464E-A0F7-56213AE6A6E0}"
EndProject
Project("{FAE04EC0-301F-11D3-BF4B-00C04F79EFBC}") = "WpfApp1", "WpfApp1\WpfApp1.csproj", "{D9320F89-0641-4EA9-8F65-660873CFBCBF}"
EndProject
Global
	GlobalSection(SolutionConfigurationPlatforms) = preSolution
		Debug|Any CPU = Debug|Any CPU
		Release|Any CPU = Release|Any CPU
	EndGlobalSection
	GlobalSection(ProjectConfigurationPlatforms) = postSolution
		{E734D505-A19C-436E-A3F0-BEC2D0AD7255}.Debug|Any CPU.ActiveCfg = Debug|Any CPU
		{E734D505-A19C-436E-A3F0-BEC2D0AD7255}.Debug|Any CPU.Build.0 = Debug|Any CPU
		{E734D505-A19C-436E-A3F0-BEC2D0AD7255}.Release|Any CPU.ActiveCfg = Release|Any CPU
		{E734D505-A19C-436E-A3F0-BEC2D0AD7255}.Release|Any CPU.Build.0 = Release|Any CPU
		{E59AC1B8-679E-4337-816F-86A5BC6CDC66}.Debug|Any CPU.ActiveCfg = Debug|Any CPU
		{E59AC1B8-679E-4337-816F-86A5BC6CDC66}.Debug|Any CPU.Build.0 = Debug|Any CPU
		{E59AC1B8-679E-4337-816F-86A5BC6CDC66}.Release|Any CPU.ActiveCfg = Release|Any CPU
		{E59AC1B8-679E-4337-816F-86A5BC6CDC66}.Release|Any CPU.Build.0 = Release|Any CPU
		{6D254015-D247-464E-A0F7-56213AE6A6E0}.Debug|Any CPU.ActiveCfg = Debug|Any CPU
		{6D254015-D247-464E-A0F7-56213AE6A6E0}.Debug|Any CPU.Build.0 = Debug|Any CPU
		{6D254015-D247-464E-A0F7-56213AE6A6E0}.Release|Any CPU.ActiveCfg = Release|Any CPU
		{6D254015-D247-464E-A0F7-56213AE6A6E0}.Release|Any CPU.Build.0 = Release|Any CPU
		{D9320F89-0641-4EA9-8F65-660873CFBCBF}.Debug|Any CPU.ActiveCfg = Debug|Any CPU
		{D9320F89-0641-4EA9-8F65-660873CFBCBF}.Debug|Any CPU.Build.0 = Debug|Any CPU
		{D9320F89-0641-4EA9-8F65-660873CFBCBF}.Release|Any CPU.ActiveCfg = Release|Any CPU
		{D9320F89-0641-4EA9-8F65-660873CFBCBF}.Release|Any CPU.Build.0 = Release|Any CPU
	EndGlobalSection
	GlobalSection(SolutionProperties) = preSolution
		HideSolutionNode = FALSE
	EndGlobalSection
	GlobalSection(ExtensibilityGlobals) = postSolution
		SolutionGuid = {F9DA5861-5818-44F4-84CA-692464A4F78D}
	EndGlobalSection
EndGlobal
