
Microsoft Visual Studio Solution File, Format Version 12.00
# Visual Studio 15
VisualStudioVersion = 15.0.27703.2035
MinimumVisualStudioVersion = 10.0.40219.1
Project("{FAE04EC0-301F-11D3-BF4B-00C04F79EFBC}") = "Example01", "Example01\Example01.csproj", "{0B60E0F9-EECF-4B26-9C07-15D165442C88}"
EndProject
Project("{FAE04EC0-301F-11D3-BF4B-00C04F79EFBC}") = "Example02", "Example02\Example02.csproj", "{D2E73BB4-1644-4BAD-8309-987169D6D7DE}"
EndProject
Project("{FAE04EC0-301F-11D3-BF4B-00C04F79EFBC}") = "BMICalculator", "BMICalculator\BMICalculator.csproj", "{6CC6A9EB-A34B-40D4-A1EB-06E2613496A8}"
EndProject
Global
	GlobalSection(SolutionConfigurationPlatforms) = preSolution
		Debug|Any CPU = Debug|Any CPU
		Release|Any CPU = Release|Any CPU
	EndGlobalSection
	GlobalSection(ProjectConfigurationPlatforms) = postSolution
		{0B60E0F9-EECF-4B26-9C07-15D165442C88}.Debug|Any CPU.ActiveCfg = Debug|Any CPU
		{0B60E0F9-EECF-4B26-9C07-15D165442C88}.Debug|Any CPU.Build.0 = Debug|Any CPU
		{0B60E0F9-EECF-4B26-9C07-15D165442C88}.Release|Any CPU.ActiveCfg = Release|Any CPU
		{0B60E0F9-EECF-4B26-9C07-15D165442C88}.Release|Any CPU.Build.0 = Release|Any CPU
		{D2E73BB4-1644-4BAD-8309-987169D6D7DE}.Debug|Any CPU.ActiveCfg = Debug|Any CPU
		{D2E73BB4-1644-4BAD-8309-987169D6D7DE}.Debug|Any CPU.Build.0 = Debug|Any CPU
		{D2E73BB4-1644-4BAD-8309-987169D6D7DE}.Release|Any CPU.ActiveCfg = Release|Any CPU
		{D2E73BB4-1644-4BAD-8309-987169D6D7DE}.Release|Any CPU.Build.0 = Release|Any CPU
		{6CC6A9EB-A34B-40D4-A1EB-06E2613496A8}.Debug|Any CPU.ActiveCfg = Debug|Any CPU
		{6CC6A9EB-A34B-40D4-A1EB-06E2613496A8}.Debug|Any CPU.Build.0 = Debug|Any CPU
		{6CC6A9EB-A34B-40D4-A1EB-06E2613496A8}.Release|Any CPU.ActiveCfg = Release|Any CPU
		{6CC6A9EB-A34B-40D4-A1EB-06E2613496A8}.Release|Any CPU.Build.0 = Release|Any CPU
	EndGlobalSection
	GlobalSection(SolutionProperties) = preSolution
		HideSolutionNode = FALSE
	EndGlobalSection
	GlobalSection(ExtensibilityGlobals) = postSolution
		SolutionGuid = {EC904AC2-0F65-422D-93E4-234C508B091B}
	EndGlobalSection
EndGlobal
