
Microsoft Visual Studio Solution File, Format Version 12.00
# Visual Studio 15
VisualStudioVersion = 15.0.27130.2003
MinimumVisualStudioVersion = 10.0.40219.1
Project("{FAE04EC0-301F-11D3-BF4B-00C04F79EFBC}") = "Example01_SwitchCase", "Example01_SwitchCase\Example01_SwitchCase.csproj", "{2249BD8A-023A-4C66-A9F9-B383EF93A2A6}"
EndProject
Project("{FAE04EC0-301F-11D3-BF4B-00C04F79EFBC}") = "Example02_ForLoop1", "Example02_ForLoop1\Example02_ForLoop1.csproj", "{080EA0D9-B10B-4314-A906-43E8643596EB}"
EndProject
Project("{FAE04EC0-301F-11D3-BF4B-00C04F79EFBC}") = "Example03_ForLoopCreateArray", "Example03_ForLoopCreateArray\Example03_ForLoopCreateArray.csproj", "{0CE6EAAE-EDB1-4D94-8745-BF9F4850C79D}"
EndProject
Project("{FAE04EC0-301F-11D3-BF4B-00C04F79EFBC}") = "Example04_ForLoopCreateRandomNumber", "Example04_ForLoopCreateRandomNumber\Example04_ForLoopCreateRandomNumber.csproj", "{31681FDA-8588-4836-8807-F1855D0017DC}"
EndProject
Global
	GlobalSection(SolutionConfigurationPlatforms) = preSolution
		Debug|Any CPU = Debug|Any CPU
		Release|Any CPU = Release|Any CPU
	EndGlobalSection
	GlobalSection(ProjectConfigurationPlatforms) = postSolution
		{2249BD8A-023A-4C66-A9F9-B383EF93A2A6}.Debug|Any CPU.ActiveCfg = Debug|Any CPU
		{2249BD8A-023A-4C66-A9F9-B383EF93A2A6}.Debug|Any CPU.Build.0 = Debug|Any CPU
		{2249BD8A-023A-4C66-A9F9-B383EF93A2A6}.Release|Any CPU.ActiveCfg = Release|Any CPU
		{2249BD8A-023A-4C66-A9F9-B383EF93A2A6}.Release|Any CPU.Build.0 = Release|Any CPU
		{080EA0D9-B10B-4314-A906-43E8643596EB}.Debug|Any CPU.ActiveCfg = Debug|Any CPU
		{080EA0D9-B10B-4314-A906-43E8643596EB}.Debug|Any CPU.Build.0 = Debug|Any CPU
		{080EA0D9-B10B-4314-A906-43E8643596EB}.Release|Any CPU.ActiveCfg = Release|Any CPU
		{080EA0D9-B10B-4314-A906-43E8643596EB}.Release|Any CPU.Build.0 = Release|Any CPU
		{0CE6EAAE-EDB1-4D94-8745-BF9F4850C79D}.Debug|Any CPU.ActiveCfg = Debug|Any CPU
		{0CE6EAAE-EDB1-4D94-8745-BF9F4850C79D}.Debug|Any CPU.Build.0 = Debug|Any CPU
		{0CE6EAAE-EDB1-4D94-8745-BF9F4850C79D}.Release|Any CPU.ActiveCfg = Release|Any CPU
		{0CE6EAAE-EDB1-4D94-8745-BF9F4850C79D}.Release|Any CPU.Build.0 = Release|Any CPU
		{31681FDA-8588-4836-8807-F1855D0017DC}.Debug|Any CPU.ActiveCfg = Debug|Any CPU
		{31681FDA-8588-4836-8807-F1855D0017DC}.Debug|Any CPU.Build.0 = Debug|Any CPU
		{31681FDA-8588-4836-8807-F1855D0017DC}.Release|Any CPU.ActiveCfg = Release|Any CPU
		{31681FDA-8588-4836-8807-F1855D0017DC}.Release|Any CPU.Build.0 = Release|Any CPU
	EndGlobalSection
	GlobalSection(SolutionProperties) = preSolution
		HideSolutionNode = FALSE
	EndGlobalSection
	GlobalSection(ExtensibilityGlobals) = postSolution
		SolutionGuid = {79D6A6FA-E9F4-4321-8435-C6CCF0929D2D}
	EndGlobalSection
EndGlobal
