
Microsoft Visual Studio Solution File, Format Version 12.00
# Visual Studio 15
VisualStudioVersion = 15.0.27703.2035
MinimumVisualStudioVersion = 10.0.40219.1
Project("{FAE04EC0-301F-11D3-BF4B-00C04F79EFBC}") = "Example01", "Example01\Example01.csproj", "{38D03668-BD4F-40A4-A028-7204EDAAE799}"
EndProject
Project("{FAE04EC0-301F-11D3-BF4B-00C04F79EFBC}") = "FactoryPattern", "FactoryPattern\FactoryPattern.csproj", "{5DC92251-3194-4B7A-BC73-3BD18B8A12DC}"
EndProject
Project("{FAE04EC0-301F-11D3-BF4B-00C04F79EFBC}") = "SingletonPattern", "SingletonPattern\SingletonPattern.csproj", "{094E27B0-ECC1-4266-B3F1-FD9B54C61B6E}"
EndProject
Global
	GlobalSection(SolutionConfigurationPlatforms) = preSolution
		Debug|Any CPU = Debug|Any CPU
		Release|Any CPU = Release|Any CPU
	EndGlobalSection
	GlobalSection(ProjectConfigurationPlatforms) = postSolution
		{38D03668-BD4F-40A4-A028-7204EDAAE799}.Debug|Any CPU.ActiveCfg = Debug|Any CPU
		{38D03668-BD4F-40A4-A028-7204EDAAE799}.Debug|Any CPU.Build.0 = Debug|Any CPU
		{38D03668-BD4F-40A4-A028-7204EDAAE799}.Release|Any CPU.ActiveCfg = Release|Any CPU
		{38D03668-BD4F-40A4-A028-7204EDAAE799}.Release|Any CPU.Build.0 = Release|Any CPU
		{5DC92251-3194-4B7A-BC73-3BD18B8A12DC}.Debug|Any CPU.ActiveCfg = Debug|Any CPU
		{5DC92251-3194-4B7A-BC73-3BD18B8A12DC}.Debug|Any CPU.Build.0 = Debug|Any CPU
		{5DC92251-3194-4B7A-BC73-3BD18B8A12DC}.Release|Any CPU.ActiveCfg = Release|Any CPU
		{5DC92251-3194-4B7A-BC73-3BD18B8A12DC}.Release|Any CPU.Build.0 = Release|Any CPU
		{094E27B0-ECC1-4266-B3F1-FD9B54C61B6E}.Debug|Any CPU.ActiveCfg = Debug|Any CPU
		{094E27B0-ECC1-4266-B3F1-FD9B54C61B6E}.Debug|Any CPU.Build.0 = Debug|Any CPU
		{094E27B0-ECC1-4266-B3F1-FD9B54C61B6E}.Release|Any CPU.ActiveCfg = Release|Any CPU
		{094E27B0-ECC1-4266-B3F1-FD9B54C61B6E}.Release|Any CPU.Build.0 = Release|Any CPU
	EndGlobalSection
	GlobalSection(SolutionProperties) = preSolution
		HideSolutionNode = FALSE
	EndGlobalSection
	GlobalSection(ExtensibilityGlobals) = postSolution
		SolutionGuid = {5DA74A8F-388F-4B2E-BC48-9335612AA564}
	EndGlobalSection
EndGlobal
