
Microsoft Visual Studio Solution File, Format Version 12.00
# Visual Studio 15
VisualStudioVersion = 15.0.27428.2015
MinimumVisualStudioVersion = 10.0.40219.1
Project("{FAE04EC0-301F-11D3-BF4B-00C04F79EFBC}") = "EasyMath", "EasyMath\EasyMath.csproj", "{517E1F10-739A-4FF3-9352-6D205F93055E}"
EndProject
Global
	GlobalSection(SolutionConfigurationPlatforms) = preSolution
		Debug|Any CPU = Debug|Any CPU
		Release|Any CPU = Release|Any CPU
	EndGlobalSection
	GlobalSection(ProjectConfigurationPlatforms) = postSolution
		{517E1F10-739A-4FF3-9352-6D205F93055E}.Debug|Any CPU.ActiveCfg = Debug|Any CPU
		{517E1F10-739A-4FF3-9352-6D205F93055E}.Debug|Any CPU.Build.0 = Debug|Any CPU
		{517E1F10-739A-4FF3-9352-6D205F93055E}.Release|Any CPU.ActiveCfg = Release|Any CPU
		{517E1F10-739A-4FF3-9352-6D205F93055E}.Release|Any CPU.Build.0 = Release|Any CPU
	EndGlobalSection
	GlobalSection(SolutionProperties) = preSolution
		HideSolutionNode = FALSE
	EndGlobalSection
	GlobalSection(ExtensibilityGlobals) = postSolution
		SolutionGuid = {0E73CA02-4FF2-4F10-9996-35C010EC01F4}
	EndGlobalSection
EndGlobal
