
Microsoft Visual Studio Solution File, Format Version 12.00
# Visual Studio 15
VisualStudioVersion = 15.0.27428.2015
MinimumVisualStudioVersion = 10.0.40219.1
Project("{FAE04EC0-301F-11D3-BF4B-00C04F79EFBC}") = "PokemonGoUI", "PokemonGoUI\PokemonGoUI.csproj", "{9AF6C034-ABB2-4EDB-AD8D-B78E97A0230E}"
EndProject
Project("{FAE04EC0-301F-11D3-BF4B-00C04F79EFBC}") = "WhileLoopExample", "WhileLoopExample\WhileLoopExample.csproj", "{53716AA9-88BE-4CD1-BC47-0D5E070C35E2}"
EndProject
Project("{FAE04EC0-301F-11D3-BF4B-00C04F79EFBC}") = "ContinueExample", "ContinueExample\ContinueExample.csproj", "{2284E2D5-947E-41AA-9BD9-420E0648F675}"
EndProject
Project("{FAE04EC0-301F-11D3-BF4B-00C04F79EFBC}") = "MathLibrary", "MathLibrary\MathLibrary.csproj", "{8EEE04B6-FF39-41E9-A1D9-18969108686D}"
EndProject
Project("{FAE04EC0-301F-11D3-BF4B-00C04F79EFBC}") = "UseMathLibrary", "UseMathLibrary\UseMathLibrary.csproj", "{8385256B-94F4-45AE-B576-DE1DAE7481E1}"
EndProject
Global
	GlobalSection(SolutionConfigurationPlatforms) = preSolution
		Debug|Any CPU = Debug|Any CPU
		Release|Any CPU = Release|Any CPU
	EndGlobalSection
	GlobalSection(ProjectConfigurationPlatforms) = postSolution
		{9AF6C034-ABB2-4EDB-AD8D-B78E97A0230E}.Debug|Any CPU.ActiveCfg = Debug|Any CPU
		{9AF6C034-ABB2-4EDB-AD8D-B78E97A0230E}.Debug|Any CPU.Build.0 = Debug|Any CPU
		{9AF6C034-ABB2-4EDB-AD8D-B78E97A0230E}.Release|Any CPU.ActiveCfg = Release|Any CPU
		{9AF6C034-ABB2-4EDB-AD8D-B78E97A0230E}.Release|Any CPU.Build.0 = Release|Any CPU
		{53716AA9-88BE-4CD1-BC47-0D5E070C35E2}.Debug|Any CPU.ActiveCfg = Debug|Any CPU
		{53716AA9-88BE-4CD1-BC47-0D5E070C35E2}.Debug|Any CPU.Build.0 = Debug|Any CPU
		{53716AA9-88BE-4CD1-BC47-0D5E070C35E2}.Release|Any CPU.ActiveCfg = Release|Any CPU
		{53716AA9-88BE-4CD1-BC47-0D5E070C35E2}.Release|Any CPU.Build.0 = Release|Any CPU
		{2284E2D5-947E-41AA-9BD9-420E0648F675}.Debug|Any CPU.ActiveCfg = Debug|Any CPU
		{2284E2D5-947E-41AA-9BD9-420E0648F675}.Debug|Any CPU.Build.0 = Debug|Any CPU
		{2284E2D5-947E-41AA-9BD9-420E0648F675}.Release|Any CPU.ActiveCfg = Release|Any CPU
		{2284E2D5-947E-41AA-9BD9-420E0648F675}.Release|Any CPU.Build.0 = Release|Any CPU
		{8EEE04B6-FF39-41E9-A1D9-18969108686D}.Debug|Any CPU.ActiveCfg = Debug|Any CPU
		{8EEE04B6-FF39-41E9-A1D9-18969108686D}.Debug|Any CPU.Build.0 = Debug|Any CPU
		{8EEE04B6-FF39-41E9-A1D9-18969108686D}.Release|Any CPU.ActiveCfg = Release|Any CPU
		{8EEE04B6-FF39-41E9-A1D9-18969108686D}.Release|Any CPU.Build.0 = Release|Any CPU
		{8385256B-94F4-45AE-B576-DE1DAE7481E1}.Debug|Any CPU.ActiveCfg = Debug|Any CPU
		{8385256B-94F4-45AE-B576-DE1DAE7481E1}.Debug|Any CPU.Build.0 = Debug|Any CPU
		{8385256B-94F4-45AE-B576-DE1DAE7481E1}.Release|Any CPU.ActiveCfg = Release|Any CPU
		{8385256B-94F4-45AE-B576-DE1DAE7481E1}.Release|Any CPU.Build.0 = Release|Any CPU
	EndGlobalSection
	GlobalSection(SolutionProperties) = preSolution
		HideSolutionNode = FALSE
	EndGlobalSection
	GlobalSection(ExtensibilityGlobals) = postSolution
		SolutionGuid = {A7DDB486-3417-4E4B-9AFD-4515AE49604A}
	EndGlobalSection
EndGlobal
