
Microsoft Visual Studio Solution File, Format Version 12.00
# Visual Studio 15
VisualStudioVersion = 15.0.28307.168
MinimumVisualStudioVersion = 10.0.40219.1
Project("{FAE04EC0-301F-11D3-BF4B-00C04F79EFBC}") = "Example01", "Example01\Example01.csproj", "{838F5C06-F79A-405F-BAF2-4721504BB14D}"
EndProject
Global
	GlobalSection(SolutionConfigurationPlatforms) = preSolution
		Debug|Any CPU = Debug|Any CPU
		Release|Any CPU = Release|Any CPU
	EndGlobalSection
	GlobalSection(ProjectConfigurationPlatforms) = postSolution
		{838F5C06-F79A-405F-BAF2-4721504BB14D}.Debug|Any CPU.ActiveCfg = Debug|Any CPU
		{838F5C06-F79A-405F-BAF2-4721504BB14D}.Debug|Any CPU.Build.0 = Debug|Any CPU
		{838F5C06-F79A-405F-BAF2-4721504BB14D}.Release|Any CPU.ActiveCfg = Release|Any CPU
		{838F5C06-F79A-405F-BAF2-4721504BB14D}.Release|Any CPU.Build.0 = Release|Any CPU
	EndGlobalSection
	GlobalSection(SolutionProperties) = preSolution
		HideSolutionNode = FALSE
	EndGlobalSection
	GlobalSection(ExtensibilityGlobals) = postSolution
		SolutionGuid = {D0989F2B-41B1-402B-9952-4CDA1A943B62}
	EndGlobalSection
EndGlobal
