
Microsoft Visual Studio Solution File, Format Version 12.00
# Visual Studio 15
VisualStudioVersion = 15.0.27428.2015
MinimumVisualStudioVersion = 10.0.40219.1
Project("{FAE04EC0-301F-11D3-BF4B-00C04F79EFBC}") = "Example01", "Example01\Example01.csproj", "{C53551B3-C0A5-46DF-AD01-D2B3C8DC6FDD}"
EndProject
Project("{FAE04EC0-301F-11D3-BF4B-00C04F79EFBC}") = "Example02", "Example02\Example02.csproj", "{7F8379E7-F292-402D-9C22-A1C1C3A9AEBD}"
EndProject
Project("{FAE04EC0-301F-11D3-BF4B-00C04F79EFBC}") = "Example03", "Example03\Example03.csproj", "{E01D5CB1-B0E2-4A84-9314-E6621D08785C}"
EndProject
Global
	GlobalSection(SolutionConfigurationPlatforms) = preSolution
		Debug|Any CPU = Debug|Any CPU
		Release|Any CPU = Release|Any CPU
	EndGlobalSection
	GlobalSection(ProjectConfigurationPlatforms) = postSolution
		{C53551B3-C0A5-46DF-AD01-D2B3C8DC6FDD}.Debug|Any CPU.ActiveCfg = Debug|Any CPU
		{C53551B3-C0A5-46DF-AD01-D2B3C8DC6FDD}.Debug|Any CPU.Build.0 = Debug|Any CPU
		{C53551B3-C0A5-46DF-AD01-D2B3C8DC6FDD}.Release|Any CPU.ActiveCfg = Release|Any CPU
		{C53551B3-C0A5-46DF-AD01-D2B3C8DC6FDD}.Release|Any CPU.Build.0 = Release|Any CPU
		{7F8379E7-F292-402D-9C22-A1C1C3A9AEBD}.Debug|Any CPU.ActiveCfg = Debug|Any CPU
		{7F8379E7-F292-402D-9C22-A1C1C3A9AEBD}.Debug|Any CPU.Build.0 = Debug|Any CPU
		{7F8379E7-F292-402D-9C22-A1C1C3A9AEBD}.Release|Any CPU.ActiveCfg = Release|Any CPU
		{7F8379E7-F292-402D-9C22-A1C1C3A9AEBD}.Release|Any CPU.Build.0 = Release|Any CPU
		{E01D5CB1-B0E2-4A84-9314-E6621D08785C}.Debug|Any CPU.ActiveCfg = Debug|Any CPU
		{E01D5CB1-B0E2-4A84-9314-E6621D08785C}.Debug|Any CPU.Build.0 = Debug|Any CPU
		{E01D5CB1-B0E2-4A84-9314-E6621D08785C}.Release|Any CPU.ActiveCfg = Release|Any CPU
		{E01D5CB1-B0E2-4A84-9314-E6621D08785C}.Release|Any CPU.Build.0 = Release|Any CPU
	EndGlobalSection
	GlobalSection(SolutionProperties) = preSolution
		HideSolutionNode = FALSE
	EndGlobalSection
	GlobalSection(ExtensibilityGlobals) = postSolution
		SolutionGuid = {A8CC9224-2D49-48BD-8220-DAFFE383E22A}
	EndGlobalSection
EndGlobal
