
Microsoft Visual Studio Solution File, Format Version 12.00
# Visual Studio 15
VisualStudioVersion = 15.0.26228.9
MinimumVisualStudioVersion = 10.0.40219.1
Project("{FAE04EC0-301F-11D3-BF4B-00C04F79EFBC}") = "WindowsFormsApp2", "WindowsFormsApp2\WindowsFormsApp2.csproj", "{185538A1-6D7D-47D6-97B4-DC8CCA76A93E}"
EndProject
Global
	GlobalSection(SolutionConfigurationPlatforms) = preSolution
		Debug|Any CPU = Debug|Any CPU
		Release|Any CPU = Release|Any CPU
	EndGlobalSection
	GlobalSection(ProjectConfigurationPlatforms) = postSolution
		{185538A1-6D7D-47D6-97B4-DC8CCA76A93E}.Debug|Any CPU.ActiveCfg = Debug|Any CPU
		{185538A1-6D7D-47D6-97B4-DC8CCA76A93E}.Debug|Any CPU.Build.0 = Debug|Any CPU
		{185538A1-6D7D-47D6-97B4-DC8CCA76A93E}.Release|Any CPU.ActiveCfg = Release|Any CPU
		{185538A1-6D7D-47D6-97B4-DC8CCA76A93E}.Release|Any CPU.Build.0 = Release|Any CPU
	EndGlobalSection
	GlobalSection(SolutionProperties) = preSolution
		HideSolutionNode = FALSE
	EndGlobalSection
EndGlobal
