
Microsoft Visual Studio Solution File, Format Version 12.00
# Visual Studio 15
VisualStudioVersion = 15.0.27703.2035
MinimumVisualStudioVersion = 10.0.40219.1
Project("{FAE04EC0-301F-11D3-BF4B-00C04F79EFBC}") = "Example01", "Example01\Example01.csproj", "{07CBE16C-63A9-401B-A75C-C33AC5BF364D}"
EndProject
Project("{FAE04EC0-301F-11D3-BF4B-00C04F79EFBC}") = "PyShellLibrary", "PyShell\PyShellLibrary.csproj", "{DE23268D-D46F-4DC4-853F-CD5C37BBE1E1}"
EndProject
Project("{FAE04EC0-301F-11D3-BF4B-00C04F79EFBC}") = "Example02", "Example02\Example02.csproj", "{771ABF1C-FFAA-4729-9CC2-F73E21BB8E39}"
EndProject
Global
	GlobalSection(SolutionConfigurationPlatforms) = preSolution
		Debug|Any CPU = Debug|Any CPU
		Release|Any CPU = Release|Any CPU
	EndGlobalSection
	GlobalSection(ProjectConfigurationPlatforms) = postSolution
		{07CBE16C-63A9-401B-A75C-C33AC5BF364D}.Debug|Any CPU.ActiveCfg = Debug|Any CPU
		{07CBE16C-63A9-401B-A75C-C33AC5BF364D}.Debug|Any CPU.Build.0 = Debug|Any CPU
		{07CBE16C-63A9-401B-A75C-C33AC5BF364D}.Release|Any CPU.ActiveCfg = Release|Any CPU
		{07CBE16C-63A9-401B-A75C-C33AC5BF364D}.Release|Any CPU.Build.0 = Release|Any CPU
		{DE23268D-D46F-4DC4-853F-CD5C37BBE1E1}.Debug|Any CPU.ActiveCfg = Debug|Any CPU
		{DE23268D-D46F-4DC4-853F-CD5C37BBE1E1}.Debug|Any CPU.Build.0 = Debug|Any CPU
		{DE23268D-D46F-4DC4-853F-CD5C37BBE1E1}.Release|Any CPU.ActiveCfg = Release|Any CPU
		{DE23268D-D46F-4DC4-853F-CD5C37BBE1E1}.Release|Any CPU.Build.0 = Release|Any CPU
		{771ABF1C-FFAA-4729-9CC2-F73E21BB8E39}.Debug|Any CPU.ActiveCfg = Debug|Any CPU
		{771ABF1C-FFAA-4729-9CC2-F73E21BB8E39}.Debug|Any CPU.Build.0 = Debug|Any CPU
		{771ABF1C-FFAA-4729-9CC2-F73E21BB8E39}.Release|Any CPU.ActiveCfg = Release|Any CPU
		{771ABF1C-FFAA-4729-9CC2-F73E21BB8E39}.Release|Any CPU.Build.0 = Release|Any CPU
	EndGlobalSection
	GlobalSection(SolutionProperties) = preSolution
		HideSolutionNode = FALSE
	EndGlobalSection
	GlobalSection(ExtensibilityGlobals) = postSolution
		SolutionGuid = {AE647373-604B-4A9E-87B9-1DE000BA8F8E}
	EndGlobalSection
EndGlobal
