
Microsoft Visual Studio Solution File, Format Version 12.00
# Visual Studio 15
VisualStudioVersion = 15.0.27130.2003
MinimumVisualStudioVersion = 10.0.40219.1
Project("{FAE04EC0-301F-11D3-BF4B-00C04F79EFBC}") = "Example01", "Example01\Example01.csproj", "{9264DAAC-7E21-4013-809A-8B199B1281CD}"
EndProject
Project("{FAE04EC0-301F-11D3-BF4B-00C04F79EFBC}") = "Example02", "Example02\Example02.csproj", "{1EDEB4EB-CFF2-4E6C-B617-0CB0AA7D4F69}"
EndProject
Project("{FAE04EC0-301F-11D3-BF4B-00C04F79EFBC}") = "PokemonGoWinform", "PokemonGoWinform\PokemonGoWinform.csproj", "{7BB8D18B-7D94-4F7D-88B2-7945549E0D03}"
EndProject
Global
	GlobalSection(SolutionConfigurationPlatforms) = preSolution
		Debug|Any CPU = Debug|Any CPU
		Release|Any CPU = Release|Any CPU
	EndGlobalSection
	GlobalSection(ProjectConfigurationPlatforms) = postSolution
		{9264DAAC-7E21-4013-809A-8B199B1281CD}.Debug|Any CPU.ActiveCfg = Debug|Any CPU
		{9264DAAC-7E21-4013-809A-8B199B1281CD}.Debug|Any CPU.Build.0 = Debug|Any CPU
		{9264DAAC-7E21-4013-809A-8B199B1281CD}.Release|Any CPU.ActiveCfg = Release|Any CPU
		{9264DAAC-7E21-4013-809A-8B199B1281CD}.Release|Any CPU.Build.0 = Release|Any CPU
		{1EDEB4EB-CFF2-4E6C-B617-0CB0AA7D4F69}.Debug|Any CPU.ActiveCfg = Debug|Any CPU
		{1EDEB4EB-CFF2-4E6C-B617-0CB0AA7D4F69}.Debug|Any CPU.Build.0 = Debug|Any CPU
		{1EDEB4EB-CFF2-4E6C-B617-0CB0AA7D4F69}.Release|Any CPU.ActiveCfg = Release|Any CPU
		{1EDEB4EB-CFF2-4E6C-B617-0CB0AA7D4F69}.Release|Any CPU.Build.0 = Release|Any CPU
		{7BB8D18B-7D94-4F7D-88B2-7945549E0D03}.Debug|Any CPU.ActiveCfg = Debug|Any CPU
		{7BB8D18B-7D94-4F7D-88B2-7945549E0D03}.Debug|Any CPU.Build.0 = Debug|Any CPU
		{7BB8D18B-7D94-4F7D-88B2-7945549E0D03}.Release|Any CPU.ActiveCfg = Release|Any CPU
		{7BB8D18B-7D94-4F7D-88B2-7945549E0D03}.Release|Any CPU.Build.0 = Release|Any CPU
	EndGlobalSection
	GlobalSection(SolutionProperties) = preSolution
		HideSolutionNode = FALSE
	EndGlobalSection
	GlobalSection(ExtensibilityGlobals) = postSolution
		SolutionGuid = {425DFC2E-48DF-430B-BDDB-59F83A847BE9}
	EndGlobalSection
EndGlobal
