
Microsoft Visual Studio Solution File, Format Version 12.00
# Visual Studio 15
VisualStudioVersion = 15.0.26228.9
MinimumVisualStudioVersion = 10.0.40219.1
Project("{FAE04EC0-301F-11D3-BF4B-00C04F79EFBC}") = "CoolPCLibrary", "CoolPCLibrary\CoolPCLibrary.csproj", "{4F97AA55-AC50-4052-90A1-BB6CF21C2A2D}"
EndProject
Project("{FAE04EC0-301F-11D3-BF4B-00C04F79EFBC}") = "Example01", "Example01\Example01.csproj", "{6395967A-3503-4160-A490-9B9889333F52}"
EndProject
Project("{FAE04EC0-301F-11D3-BF4B-00C04F79EFBC}") = "Example02", "Example02\Example02.csproj", "{CECA04DE-464A-477E-BB25-169F2F5F47EE}"
EndProject
Global
	GlobalSection(SolutionConfigurationPlatforms) = preSolution
		Debug|Any CPU = Debug|Any CPU
		Release|Any CPU = Release|Any CPU
	EndGlobalSection
	GlobalSection(ProjectConfigurationPlatforms) = postSolution
		{4F97AA55-AC50-4052-90A1-BB6CF21C2A2D}.Debug|Any CPU.ActiveCfg = Debug|Any CPU
		{4F97AA55-AC50-4052-90A1-BB6CF21C2A2D}.Debug|Any CPU.Build.0 = Debug|Any CPU
		{4F97AA55-AC50-4052-90A1-BB6CF21C2A2D}.Release|Any CPU.ActiveCfg = Release|Any CPU
		{4F97AA55-AC50-4052-90A1-BB6CF21C2A2D}.Release|Any CPU.Build.0 = Release|Any CPU
		{6395967A-3503-4160-A490-9B9889333F52}.Debug|Any CPU.ActiveCfg = Debug|Any CPU
		{6395967A-3503-4160-A490-9B9889333F52}.Debug|Any CPU.Build.0 = Debug|Any CPU
		{6395967A-3503-4160-A490-9B9889333F52}.Release|Any CPU.ActiveCfg = Release|Any CPU
		{6395967A-3503-4160-A490-9B9889333F52}.Release|Any CPU.Build.0 = Release|Any CPU
		{CECA04DE-464A-477E-BB25-169F2F5F47EE}.Debug|Any CPU.ActiveCfg = Debug|Any CPU
		{CECA04DE-464A-477E-BB25-169F2F5F47EE}.Debug|Any CPU.Build.0 = Debug|Any CPU
		{CECA04DE-464A-477E-BB25-169F2F5F47EE}.Release|Any CPU.ActiveCfg = Release|Any CPU
		{CECA04DE-464A-477E-BB25-169F2F5F47EE}.Release|Any CPU.Build.0 = Release|Any CPU
	EndGlobalSection
	GlobalSection(SolutionProperties) = preSolution
		HideSolutionNode = FALSE
	EndGlobalSection
EndGlobal
