
Microsoft Visual Studio Solution File, Format Version 12.00
# Visual Studio 15
VisualStudioVersion = 15.0.27428.2015
MinimumVisualStudioVersion = 10.0.40219.1
Project("{FAE04EC0-301F-11D3-BF4B-00C04F79EFBC}") = "WindowsFormsApp1", "WindowsFormsApp1\WindowsFormsApp1.csproj", "{ECA35D7D-BF4C-40D4-BA10-17ED2DE1C73E}"
EndProject
Global
	GlobalSection(SolutionConfigurationPlatforms) = preSolution
		Debug|Any CPU = Debug|Any CPU
		Release|Any CPU = Release|Any CPU
	EndGlobalSection
	GlobalSection(ProjectConfigurationPlatforms) = postSolution
		{ECA35D7D-BF4C-40D4-BA10-17ED2DE1C73E}.Debug|Any CPU.ActiveCfg = Debug|Any CPU
		{ECA35D7D-BF4C-40D4-BA10-17ED2DE1C73E}.Debug|Any CPU.Build.0 = Debug|Any CPU
		{ECA35D7D-BF4C-40D4-BA10-17ED2DE1C73E}.Release|Any CPU.ActiveCfg = Release|Any CPU
		{ECA35D7D-BF4C-40D4-BA10-17ED2DE1C73E}.Release|Any CPU.Build.0 = Release|Any CPU
	EndGlobalSection
	GlobalSection(SolutionProperties) = preSolution
		HideSolutionNode = FALSE
	EndGlobalSection
	GlobalSection(ExtensibilityGlobals) = postSolution
		SolutionGuid = {17CFBEAA-603B-4CCF-AB3D-D268186523BF}
	EndGlobalSection
EndGlobal
