
Microsoft Visual Studio Solution File, Format Version 12.00
# Visual Studio 15
VisualStudioVersion = 15.0.27703.2035
MinimumVisualStudioVersion = 10.0.40219.1
Project("{FAE04EC0-301F-11D3-BF4B-00C04F79EFBC}") = "Example01", "Example01\Example01.csproj", "{8EA3D682-B81C-4F33-8C86-CB953724DF81}"
EndProject
Project("{FAE04EC0-301F-11D3-BF4B-00C04F79EFBC}") = "Example02", "Example02\Example02.csproj", "{B6BBF4E7-4A7E-44D3-AAC2-7C839B2A0E83}"
EndProject
Project("{FAE04EC0-301F-11D3-BF4B-00C04F79EFBC}") = "Example03", "Example03\Example03.csproj", "{6F4DB5F8-2479-4CA7-820F-AF4872A931F3}"
EndProject
Project("{FAE04EC0-301F-11D3-BF4B-00C04F79EFBC}") = "Example04", "Example04\Example04.csproj", "{F51EF91D-A6E2-4AD8-B424-9D49EE303C26}"
EndProject
Project("{FAE04EC0-301F-11D3-BF4B-00C04F79EFBC}") = "PokemonRunLibrary", "PokemonRunLibrary\PokemonRunLibrary.csproj", "{5A0D67AD-97D9-4F09-B8FE-D2751A1BC3CC}"
EndProject
Global
	GlobalSection(SolutionConfigurationPlatforms) = preSolution
		Debug|Any CPU = Debug|Any CPU
		Release|Any CPU = Release|Any CPU
	EndGlobalSection
	GlobalSection(ProjectConfigurationPlatforms) = postSolution
		{8EA3D682-B81C-4F33-8C86-CB953724DF81}.Debug|Any CPU.ActiveCfg = Debug|Any CPU
		{8EA3D682-B81C-4F33-8C86-CB953724DF81}.Debug|Any CPU.Build.0 = Debug|Any CPU
		{8EA3D682-B81C-4F33-8C86-CB953724DF81}.Release|Any CPU.ActiveCfg = Release|Any CPU
		{8EA3D682-B81C-4F33-8C86-CB953724DF81}.Release|Any CPU.Build.0 = Release|Any CPU
		{B6BBF4E7-4A7E-44D3-AAC2-7C839B2A0E83}.Debug|Any CPU.ActiveCfg = Debug|Any CPU
		{B6BBF4E7-4A7E-44D3-AAC2-7C839B2A0E83}.Debug|Any CPU.Build.0 = Debug|Any CPU
		{B6BBF4E7-4A7E-44D3-AAC2-7C839B2A0E83}.Release|Any CPU.ActiveCfg = Release|Any CPU
		{B6BBF4E7-4A7E-44D3-AAC2-7C839B2A0E83}.Release|Any CPU.Build.0 = Release|Any CPU
		{6F4DB5F8-2479-4CA7-820F-AF4872A931F3}.Debug|Any CPU.ActiveCfg = Debug|Any CPU
		{6F4DB5F8-2479-4CA7-820F-AF4872A931F3}.Debug|Any CPU.Build.0 = Debug|Any CPU
		{6F4DB5F8-2479-4CA7-820F-AF4872A931F3}.Release|Any CPU.ActiveCfg = Release|Any CPU
		{6F4DB5F8-2479-4CA7-820F-AF4872A931F3}.Release|Any CPU.Build.0 = Release|Any CPU
		{F51EF91D-A6E2-4AD8-B424-9D49EE303C26}.Debug|Any CPU.ActiveCfg = Debug|Any CPU
		{F51EF91D-A6E2-4AD8-B424-9D49EE303C26}.Debug|Any CPU.Build.0 = Debug|Any CPU
		{F51EF91D-A6E2-4AD8-B424-9D49EE303C26}.Release|Any CPU.ActiveCfg = Release|Any CPU
		{F51EF91D-A6E2-4AD8-B424-9D49EE303C26}.Release|Any CPU.Build.0 = Release|Any CPU
		{5A0D67AD-97D9-4F09-B8FE-D2751A1BC3CC}.Debug|Any CPU.ActiveCfg = Debug|Any CPU
		{5A0D67AD-97D9-4F09-B8FE-D2751A1BC3CC}.Debug|Any CPU.Build.0 = Debug|Any CPU
		{5A0D67AD-97D9-4F09-B8FE-D2751A1BC3CC}.Release|Any CPU.ActiveCfg = Release|Any CPU
		{5A0D67AD-97D9-4F09-B8FE-D2751A1BC3CC}.Release|Any CPU.Build.0 = Release|Any CPU
	EndGlobalSection
	GlobalSection(SolutionProperties) = preSolution
		HideSolutionNode = FALSE
	EndGlobalSection
	GlobalSection(ExtensibilityGlobals) = postSolution
		SolutionGuid = {9D3389B7-D089-46BD-8F71-B02FA1CEC1EF}
	EndGlobalSection
EndGlobal
