
Microsoft Visual Studio Solution File, Format Version 12.00
# Visual Studio 15
VisualStudioVersion = 15.0.26228.9
MinimumVisualStudioVersion = 10.0.40219.1
Project("{FAE04EC0-301F-11D3-BF4B-00C04F79EFBC}") = "WeatherStationLibrary", "..\WeatherStationLibrary\WeatherStationLibrary\WeatherStationLibrary.csproj", "{3867EC65-6E20-4177-BE80-368676F253E7}"
EndProject
Project("{FAE04EC0-301F-11D3-BF4B-00C04F79EFBC}") = "Example01", "Example01\Example01.csproj", "{36D311E7-0D88-4BBC-8703-BAB1B2D19562}"
EndProject
Project("{FAE04EC0-301F-11D3-BF4B-00C04F79EFBC}") = "EasyMathLibrary", "..\EasyMathLibrary\EasyMathLibrary\EasyMathLibrary.csproj", "{0B440026-7568-4812-B67D-7489BEEE5EEB}"
EndProject
Project("{FAE04EC0-301F-11D3-BF4B-00C04F79EFBC}") = "Example02", "Example02\Example02.csproj", "{A07F96B6-B1E5-47EF-89A8-368E09F6D3A2}"
EndProject
Global
	GlobalSection(SolutionConfigurationPlatforms) = preSolution
		Debug|Any CPU = Debug|Any CPU
		Release|Any CPU = Release|Any CPU
	EndGlobalSection
	GlobalSection(ProjectConfigurationPlatforms) = postSolution
		{3867EC65-6E20-4177-BE80-368676F253E7}.Debug|Any CPU.ActiveCfg = Debug|Any CPU
		{3867EC65-6E20-4177-BE80-368676F253E7}.Debug|Any CPU.Build.0 = Debug|Any CPU
		{3867EC65-6E20-4177-BE80-368676F253E7}.Release|Any CPU.ActiveCfg = Release|Any CPU
		{3867EC65-6E20-4177-BE80-368676F253E7}.Release|Any CPU.Build.0 = Release|Any CPU
		{36D311E7-0D88-4BBC-8703-BAB1B2D19562}.Debug|Any CPU.ActiveCfg = Debug|Any CPU
		{36D311E7-0D88-4BBC-8703-BAB1B2D19562}.Debug|Any CPU.Build.0 = Debug|Any CPU
		{36D311E7-0D88-4BBC-8703-BAB1B2D19562}.Release|Any CPU.ActiveCfg = Release|Any CPU
		{36D311E7-0D88-4BBC-8703-BAB1B2D19562}.Release|Any CPU.Build.0 = Release|Any CPU
		{0B440026-7568-4812-B67D-7489BEEE5EEB}.Debug|Any CPU.ActiveCfg = Debug|Any CPU
		{0B440026-7568-4812-B67D-7489BEEE5EEB}.Debug|Any CPU.Build.0 = Debug|Any CPU
		{0B440026-7568-4812-B67D-7489BEEE5EEB}.Release|Any CPU.ActiveCfg = Release|Any CPU
		{0B440026-7568-4812-B67D-7489BEEE5EEB}.Release|Any CPU.Build.0 = Release|Any CPU
		{A07F96B6-B1E5-47EF-89A8-368E09F6D3A2}.Debug|Any CPU.ActiveCfg = Debug|Any CPU
		{A07F96B6-B1E5-47EF-89A8-368E09F6D3A2}.Debug|Any CPU.Build.0 = Debug|Any CPU
		{A07F96B6-B1E5-47EF-89A8-368E09F6D3A2}.Release|Any CPU.ActiveCfg = Release|Any CPU
		{A07F96B6-B1E5-47EF-89A8-368E09F6D3A2}.Release|Any CPU.Build.0 = Release|Any CPU
	EndGlobalSection
	GlobalSection(SolutionProperties) = preSolution
		HideSolutionNode = FALSE
	EndGlobalSection
EndGlobal
