
Microsoft Visual Studio Solution File, Format Version 12.00
# Visual Studio 15
VisualStudioVersion = 15.0.27428.2015
MinimumVisualStudioVersion = 10.0.40219.1
Project("{FAE04EC0-301F-11D3-BF4B-00C04F79EFBC}") = "PokemonRunCore", "PokemonRunCore\PokemonRunCore.csproj", "{534EE7FC-7202-403A-B8EA-39053AB0541E}"
EndProject
Global
	GlobalSection(SolutionConfigurationPlatforms) = preSolution
		Debug|Any CPU = Debug|Any CPU
		Release|Any CPU = Release|Any CPU
	EndGlobalSection
	GlobalSection(ProjectConfigurationPlatforms) = postSolution
		{534EE7FC-7202-403A-B8EA-39053AB0541E}.Debug|Any CPU.ActiveCfg = Debug|Any CPU
		{534EE7FC-7202-403A-B8EA-39053AB0541E}.Debug|Any CPU.Build.0 = Debug|Any CPU
		{534EE7FC-7202-403A-B8EA-39053AB0541E}.Release|Any CPU.ActiveCfg = Release|Any CPU
		{534EE7FC-7202-403A-B8EA-39053AB0541E}.Release|Any CPU.Build.0 = Release|Any CPU
	EndGlobalSection
	GlobalSection(SolutionProperties) = preSolution
		HideSolutionNode = FALSE
	EndGlobalSection
	GlobalSection(ExtensibilityGlobals) = postSolution
		SolutionGuid = {C49FD48A-7688-4B01-BD4D-6BB7F5F104EB}
	EndGlobalSection
EndGlobal
