
Microsoft Visual Studio Solution File, Format Version 12.00
# Visual Studio 15
VisualStudioVersion = 15.0.27428.2015
MinimumVisualStudioVersion = 10.0.40219.1
Project("{FAE04EC0-301F-11D3-BF4B-00C04F79EFBC}") = "Example01", "Example01\Example01.csproj", "{971CC82B-2D35-4A90-86AE-2943F304A430}"
EndProject
Project("{FAE04EC0-301F-11D3-BF4B-00C04F79EFBC}") = "Example02", "Example02\Example02.csproj", "{F9FD60BF-2042-4F35-9A70-AEB917659448}"
EndProject
Project("{FAE04EC0-301F-11D3-BF4B-00C04F79EFBC}") = "Example03", "Example03\Example03.csproj", "{7868C764-740A-4821-875A-9A8BFDCCD8BA}"
EndProject
Project("{FAE04EC0-301F-11D3-BF4B-00C04F79EFBC}") = "Homework1", "Homework1\Homework1.csproj", "{898DAC1A-3DB0-4407-9806-577DFB1B049B}"
EndProject
Project("{FAE04EC0-301F-11D3-BF4B-00C04F79EFBC}") = "Example04", "Example04\Example04.csproj", "{621F5BB0-41F8-43C6-B843-1DB903EB9159}"
EndProject
Global
	GlobalSection(SolutionConfigurationPlatforms) = preSolution
		Debug|Any CPU = Debug|Any CPU
		Release|Any CPU = Release|Any CPU
	EndGlobalSection
	GlobalSection(ProjectConfigurationPlatforms) = postSolution
		{971CC82B-2D35-4A90-86AE-2943F304A430}.Debug|Any CPU.ActiveCfg = Debug|Any CPU
		{971CC82B-2D35-4A90-86AE-2943F304A430}.Debug|Any CPU.Build.0 = Debug|Any CPU
		{971CC82B-2D35-4A90-86AE-2943F304A430}.Release|Any CPU.ActiveCfg = Release|Any CPU
		{971CC82B-2D35-4A90-86AE-2943F304A430}.Release|Any CPU.Build.0 = Release|Any CPU
		{F9FD60BF-2042-4F35-9A70-AEB917659448}.Debug|Any CPU.ActiveCfg = Debug|Any CPU
		{F9FD60BF-2042-4F35-9A70-AEB917659448}.Debug|Any CPU.Build.0 = Debug|Any CPU
		{F9FD60BF-2042-4F35-9A70-AEB917659448}.Release|Any CPU.ActiveCfg = Release|Any CPU
		{F9FD60BF-2042-4F35-9A70-AEB917659448}.Release|Any CPU.Build.0 = Release|Any CPU
		{7868C764-740A-4821-875A-9A8BFDCCD8BA}.Debug|Any CPU.ActiveCfg = Debug|Any CPU
		{7868C764-740A-4821-875A-9A8BFDCCD8BA}.Debug|Any CPU.Build.0 = Debug|Any CPU
		{7868C764-740A-4821-875A-9A8BFDCCD8BA}.Release|Any CPU.ActiveCfg = Release|Any CPU
		{7868C764-740A-4821-875A-9A8BFDCCD8BA}.Release|Any CPU.Build.0 = Release|Any CPU
		{898DAC1A-3DB0-4407-9806-577DFB1B049B}.Debug|Any CPU.ActiveCfg = Debug|Any CPU
		{898DAC1A-3DB0-4407-9806-577DFB1B049B}.Debug|Any CPU.Build.0 = Debug|Any CPU
		{898DAC1A-3DB0-4407-9806-577DFB1B049B}.Release|Any CPU.ActiveCfg = Release|Any CPU
		{898DAC1A-3DB0-4407-9806-577DFB1B049B}.Release|Any CPU.Build.0 = Release|Any CPU
		{621F5BB0-41F8-43C6-B843-1DB903EB9159}.Debug|Any CPU.ActiveCfg = Debug|Any CPU
		{621F5BB0-41F8-43C6-B843-1DB903EB9159}.Debug|Any CPU.Build.0 = Debug|Any CPU
		{621F5BB0-41F8-43C6-B843-1DB903EB9159}.Release|Any CPU.ActiveCfg = Release|Any CPU
		{621F5BB0-41F8-43C6-B843-1DB903EB9159}.Release|Any CPU.Build.0 = Release|Any CPU
	EndGlobalSection
	GlobalSection(SolutionProperties) = preSolution
		HideSolutionNode = FALSE
	EndGlobalSection
	GlobalSection(ExtensibilityGlobals) = postSolution
		SolutionGuid = {4831CED0-3DA5-4C16-AB86-8785749A1884}
	EndGlobalSection
EndGlobal
