
Microsoft Visual Studio Solution File, Format Version 12.00
# Visual Studio 15
VisualStudioVersion = 15.0.26228.9
MinimumVisualStudioVersion = 10.0.40219.1
Project("{FAE04EC0-301F-11D3-BF4B-00C04F79EFBC}") = "Example01", "Example01\Example01.csproj", "{8031C288-07B2-48A1-9F9F-2E327ACC92A0}"
EndProject
Project("{FAE04EC0-301F-11D3-BF4B-00C04F79EFBC}") = "Example02", "Example02\Example02.csproj", "{212F34ED-EE39-4744-8AC0-5B83D870F33A}"
EndProject
Global
	GlobalSection(SolutionConfigurationPlatforms) = preSolution
		Debug|Any CPU = Debug|Any CPU
		Release|Any CPU = Release|Any CPU
	EndGlobalSection
	GlobalSection(ProjectConfigurationPlatforms) = postSolution
		{8031C288-07B2-48A1-9F9F-2E327ACC92A0}.Debug|Any CPU.ActiveCfg = Debug|Any CPU
		{8031C288-07B2-48A1-9F9F-2E327ACC92A0}.Debug|Any CPU.Build.0 = Debug|Any CPU
		{8031C288-07B2-48A1-9F9F-2E327ACC92A0}.Release|Any CPU.ActiveCfg = Release|Any CPU
		{8031C288-07B2-48A1-9F9F-2E327ACC92A0}.Release|Any CPU.Build.0 = Release|Any CPU
		{212F34ED-EE39-4744-8AC0-5B83D870F33A}.Debug|Any CPU.ActiveCfg = Debug|Any CPU
		{212F34ED-EE39-4744-8AC0-5B83D870F33A}.Debug|Any CPU.Build.0 = Debug|Any CPU
		{212F34ED-EE39-4744-8AC0-5B83D870F33A}.Release|Any CPU.ActiveCfg = Release|Any CPU
		{212F34ED-EE39-4744-8AC0-5B83D870F33A}.Release|Any CPU.Build.0 = Release|Any CPU
	EndGlobalSection
	GlobalSection(SolutionProperties) = preSolution
		HideSolutionNode = FALSE
	EndGlobalSection
EndGlobal
