
Microsoft Visual Studio Solution File, Format Version 12.00
# Visual Studio 2012
Project("{FAE04EC0-301F-11D3-BF4B-00C04F79EFBC}") = "Example01", "Example01\Example01.csproj", "{F9253746-FFBC-43CB-B962-836CE540FECF}"
EndProject
Project("{FAE04EC0-301F-11D3-BF4B-00C04F79EFBC}") = "Example02", "Example02\Example02.csproj", "{10FDC7BC-3F86-4565-8EE0-14ED0C87D2C4}"
EndProject
Project("{FAE04EC0-301F-11D3-BF4B-00C04F79EFBC}") = "Example03", "Example03\Example03.csproj", "{C46D9277-29C8-4B4E-9C65-40C275B73A2E}"
EndProject
Project("{FAE04EC0-301F-11D3-BF4B-00C04F79EFBC}") = "Example04", "Example04\Example04.csproj", "{E1AEB871-CAE7-4EAA-8B85-1066311BBFE1}"
EndProject
Global
	GlobalSection(SolutionConfigurationPlatforms) = preSolution
		Debug|Any CPU = Debug|Any CPU
		Release|Any CPU = Release|Any CPU
	EndGlobalSection
	GlobalSection(ProjectConfigurationPlatforms) = postSolution
		{F9253746-FFBC-43CB-B962-836CE540FECF}.Debug|Any CPU.ActiveCfg = Debug|Any CPU
		{F9253746-FFBC-43CB-B962-836CE540FECF}.Debug|Any CPU.Build.0 = Debug|Any CPU
		{F9253746-FFBC-43CB-B962-836CE540FECF}.Release|Any CPU.ActiveCfg = Release|Any CPU
		{F9253746-FFBC-43CB-B962-836CE540FECF}.Release|Any CPU.Build.0 = Release|Any CPU
		{10FDC7BC-3F86-4565-8EE0-14ED0C87D2C4}.Debug|Any CPU.ActiveCfg = Debug|Any CPU
		{10FDC7BC-3F86-4565-8EE0-14ED0C87D2C4}.Debug|Any CPU.Build.0 = Debug|Any CPU
		{10FDC7BC-3F86-4565-8EE0-14ED0C87D2C4}.Release|Any CPU.ActiveCfg = Release|Any CPU
		{10FDC7BC-3F86-4565-8EE0-14ED0C87D2C4}.Release|Any CPU.Build.0 = Release|Any CPU
		{C46D9277-29C8-4B4E-9C65-40C275B73A2E}.Debug|Any CPU.ActiveCfg = Debug|Any CPU
		{C46D9277-29C8-4B4E-9C65-40C275B73A2E}.Debug|Any CPU.Build.0 = Debug|Any CPU
		{C46D9277-29C8-4B4E-9C65-40C275B73A2E}.Release|Any CPU.ActiveCfg = Release|Any CPU
		{C46D9277-29C8-4B4E-9C65-40C275B73A2E}.Release|Any CPU.Build.0 = Release|Any CPU
		{E1AEB871-CAE7-4EAA-8B85-1066311BBFE1}.Debug|Any CPU.ActiveCfg = Debug|Any CPU
		{E1AEB871-CAE7-4EAA-8B85-1066311BBFE1}.Debug|Any CPU.Build.0 = Debug|Any CPU
		{E1AEB871-CAE7-4EAA-8B85-1066311BBFE1}.Release|Any CPU.ActiveCfg = Release|Any CPU
		{E1AEB871-CAE7-4EAA-8B85-1066311BBFE1}.Release|Any CPU.Build.0 = Release|Any CPU
	EndGlobalSection
	GlobalSection(SolutionProperties) = preSolution
		HideSolutionNode = FALSE
	EndGlobalSection
EndGlobal
