
Microsoft Visual Studio Solution File, Format Version 12.00
# Visual Studio 15
VisualStudioVersion = 15.0.26228.4
MinimumVisualStudioVersion = 10.0.40219.1
Project("{FAE04EC0-301F-11D3-BF4B-00C04F79EFBC}") = "Example01", "Example01\Example01.csproj", "{0FA0E6AB-991E-4A48-A853-C4E310C3686D}"
EndProject
Project("{FAE04EC0-301F-11D3-BF4B-00C04F79EFBC}") = "StoreLibrary", "StoreLibrary\StoreLibrary.csproj", "{12500E46-47B2-4D53-883A-2575445B3226}"
EndProject
Global
	GlobalSection(SolutionConfigurationPlatforms) = preSolution
		Debug|Any CPU = Debug|Any CPU
		Release|Any CPU = Release|Any CPU
	EndGlobalSection
	GlobalSection(ProjectConfigurationPlatforms) = postSolution
		{0FA0E6AB-991E-4A48-A853-C4E310C3686D}.Debug|Any CPU.ActiveCfg = Debug|Any CPU
		{0FA0E6AB-991E-4A48-A853-C4E310C3686D}.Debug|Any CPU.Build.0 = Debug|Any CPU
		{0FA0E6AB-991E-4A48-A853-C4E310C3686D}.Release|Any CPU.ActiveCfg = Release|Any CPU
		{0FA0E6AB-991E-4A48-A853-C4E310C3686D}.Release|Any CPU.Build.0 = Release|Any CPU
		{12500E46-47B2-4D53-883A-2575445B3226}.Debug|Any CPU.ActiveCfg = Debug|Any CPU
		{12500E46-47B2-4D53-883A-2575445B3226}.Debug|Any CPU.Build.0 = Debug|Any CPU
		{12500E46-47B2-4D53-883A-2575445B3226}.Release|Any CPU.ActiveCfg = Release|Any CPU
		{12500E46-47B2-4D53-883A-2575445B3226}.Release|Any CPU.Build.0 = Release|Any CPU
	EndGlobalSection
	GlobalSection(SolutionProperties) = preSolution
		HideSolutionNode = FALSE
	EndGlobalSection
EndGlobal
