
Microsoft Visual Studio Solution File, Format Version 12.00
# Visual Studio Version 16
VisualStudioVersion = 16.0.28407.52
MinimumVisualStudioVersion = 10.0.40219.1
Project("{FAE04EC0-301F-11D3-BF4B-00C04F79EFBC}") = "PokemonGoWinForm", "PokemonGoWinForm\PokemonGoWinForm.csproj", "{452B99F2-BF4B-49CE-99D3-43E0F874B16A}"
EndProject
Project("{FAE04EC0-301F-11D3-BF4B-00C04F79EFBC}") = "Example01", "Example01\Example01.csproj", "{B6E90BD5-9A01-4272-B922-5970B8A16368}"
EndProject
Project("{FAE04EC0-301F-11D3-BF4B-00C04F79EFBC}") = "Example02", "Example02\Example02.csproj", "{6147A486-05B0-4ABE-B422-A1CC2CE5B13B}"
EndProject
Global
	GlobalSection(SolutionConfigurationPlatforms) = preSolution
		Debug|Any CPU = Debug|Any CPU
		Release|Any CPU = Release|Any CPU
	EndGlobalSection
	GlobalSection(ProjectConfigurationPlatforms) = postSolution
		{452B99F2-BF4B-49CE-99D3-43E0F874B16A}.Debug|Any CPU.ActiveCfg = Debug|Any CPU
		{452B99F2-BF4B-49CE-99D3-43E0F874B16A}.Debug|Any CPU.Build.0 = Debug|Any CPU
		{452B99F2-BF4B-49CE-99D3-43E0F874B16A}.Release|Any CPU.ActiveCfg = Release|Any CPU
		{452B99F2-BF4B-49CE-99D3-43E0F874B16A}.Release|Any CPU.Build.0 = Release|Any CPU
		{B6E90BD5-9A01-4272-B922-5970B8A16368}.Debug|Any CPU.ActiveCfg = Debug|Any CPU
		{B6E90BD5-9A01-4272-B922-5970B8A16368}.Debug|Any CPU.Build.0 = Debug|Any CPU
		{B6E90BD5-9A01-4272-B922-5970B8A16368}.Release|Any CPU.ActiveCfg = Release|Any CPU
		{B6E90BD5-9A01-4272-B922-5970B8A16368}.Release|Any CPU.Build.0 = Release|Any CPU
		{6147A486-05B0-4ABE-B422-A1CC2CE5B13B}.Debug|Any CPU.ActiveCfg = Debug|Any CPU
		{6147A486-05B0-4ABE-B422-A1CC2CE5B13B}.Debug|Any CPU.Build.0 = Debug|Any CPU
		{6147A486-05B0-4ABE-B422-A1CC2CE5B13B}.Release|Any CPU.ActiveCfg = Release|Any CPU
		{6147A486-05B0-4ABE-B422-A1CC2CE5B13B}.Release|Any CPU.Build.0 = Release|Any CPU
	EndGlobalSection
	GlobalSection(SolutionProperties) = preSolution
		HideSolutionNode = FALSE
	EndGlobalSection
	GlobalSection(ExtensibilityGlobals) = postSolution
		SolutionGuid = {034332BD-67F5-4438-A390-F33D7ED750BA}
	EndGlobalSection
EndGlobal
