
Microsoft Visual Studio Solution File, Format Version 12.00
# Visual Studio 15
VisualStudioVersion = 15.0.27703.2035
MinimumVisualStudioVersion = 10.0.40219.1
Project("{FAE04EC0-301F-11D3-BF4B-00C04F79EFBC}") = "Example01", "Example01\Example01.csproj", "{8A601428-817A-46F4-B739-4E289E06BA94}"
EndProject
Project("{FAE04EC0-301F-11D3-BF4B-00C04F79EFBC}") = "SuperEasyMath", "..\Lecture05\SuperEasyMath\SuperEasyMath.csproj", "{28C8330F-9CB2-4543-82DD-437D5FF71B56}"
EndProject
Project("{FAE04EC0-301F-11D3-BF4B-00C04F79EFBC}") = "Example02", "Example02\Example02.csproj", "{A20156F4-CC99-4081-B08F-06F622F6258F}"
EndProject
Project("{FAE04EC0-301F-11D3-BF4B-00C04F79EFBC}") = "PokemonRunCore", "PokemonRunCore\PokemonRunCore.csproj", "{8EF83A2F-CFF1-4095-801A-0D14C67D4105}"
EndProject
Project("{FAE04EC0-301F-11D3-BF4B-00C04F79EFBC}") = "Example03", "Example03\Example03.csproj", "{8E510C93-3BF0-434A-A2B0-D4A7FC92E856}"
EndProject
Global
	GlobalSection(SolutionConfigurationPlatforms) = preSolution
		Debug|Any CPU = Debug|Any CPU
		Release|Any CPU = Release|Any CPU
	EndGlobalSection
	GlobalSection(ProjectConfigurationPlatforms) = postSolution
		{8A601428-817A-46F4-B739-4E289E06BA94}.Debug|Any CPU.ActiveCfg = Debug|Any CPU
		{8A601428-817A-46F4-B739-4E289E06BA94}.Debug|Any CPU.Build.0 = Debug|Any CPU
		{8A601428-817A-46F4-B739-4E289E06BA94}.Release|Any CPU.ActiveCfg = Release|Any CPU
		{8A601428-817A-46F4-B739-4E289E06BA94}.Release|Any CPU.Build.0 = Release|Any CPU
		{28C8330F-9CB2-4543-82DD-437D5FF71B56}.Debug|Any CPU.ActiveCfg = Debug|Any CPU
		{28C8330F-9CB2-4543-82DD-437D5FF71B56}.Debug|Any CPU.Build.0 = Debug|Any CPU
		{28C8330F-9CB2-4543-82DD-437D5FF71B56}.Release|Any CPU.ActiveCfg = Release|Any CPU
		{28C8330F-9CB2-4543-82DD-437D5FF71B56}.Release|Any CPU.Build.0 = Release|Any CPU
		{A20156F4-CC99-4081-B08F-06F622F6258F}.Debug|Any CPU.ActiveCfg = Debug|Any CPU
		{A20156F4-CC99-4081-B08F-06F622F6258F}.Debug|Any CPU.Build.0 = Debug|Any CPU
		{A20156F4-CC99-4081-B08F-06F622F6258F}.Release|Any CPU.ActiveCfg = Release|Any CPU
		{A20156F4-CC99-4081-B08F-06F622F6258F}.Release|Any CPU.Build.0 = Release|Any CPU
		{8EF83A2F-CFF1-4095-801A-0D14C67D4105}.Debug|Any CPU.ActiveCfg = Debug|Any CPU
		{8EF83A2F-CFF1-4095-801A-0D14C67D4105}.Debug|Any CPU.Build.0 = Debug|Any CPU
		{8EF83A2F-CFF1-4095-801A-0D14C67D4105}.Release|Any CPU.ActiveCfg = Release|Any CPU
		{8EF83A2F-CFF1-4095-801A-0D14C67D4105}.Release|Any CPU.Build.0 = Release|Any CPU
		{8E510C93-3BF0-434A-A2B0-D4A7FC92E856}.Debug|Any CPU.ActiveCfg = Debug|Any CPU
		{8E510C93-3BF0-434A-A2B0-D4A7FC92E856}.Debug|Any CPU.Build.0 = Debug|Any CPU
		{8E510C93-3BF0-434A-A2B0-D4A7FC92E856}.Release|Any CPU.ActiveCfg = Release|Any CPU
		{8E510C93-3BF0-434A-A2B0-D4A7FC92E856}.Release|Any CPU.Build.0 = Release|Any CPU
	EndGlobalSection
	GlobalSection(SolutionProperties) = preSolution
		HideSolutionNode = FALSE
	EndGlobalSection
	GlobalSection(ExtensibilityGlobals) = postSolution
		SolutionGuid = {36FA70D6-DB76-42E8-8B91-881B4B86652A}
	EndGlobalSection
EndGlobal
