
Microsoft Visual Studio Solution File, Format Version 12.00
# Visual Studio 15
VisualStudioVersion = 15.0.27703.2035
MinimumVisualStudioVersion = 10.0.40219.1
Project("{FAE04EC0-301F-11D3-BF4B-00C04F79EFBC}") = "Example01", "Example01\Example01.csproj", "{301E7D92-0BF2-4A3C-8F6C-DCF9B43218BA}"
EndProject
Project("{FAE04EC0-301F-11D3-BF4B-00C04F79EFBC}") = "Example02", "Example02\Example02.csproj", "{64A6DD38-5D87-4A92-92D9-B4910794EC9E}"
EndProject
Project("{FAE04EC0-301F-11D3-BF4B-00C04F79EFBC}") = "Example03", "Example03\Example03.csproj", "{B5241F40-6C2E-4FD2-8192-8FF11B895984}"
EndProject
Project("{FAE04EC0-301F-11D3-BF4B-00C04F79EFBC}") = "Example04", "Example04\Example04.csproj", "{819003F2-1641-4E76-89B2-9CDA04DA738F}"
EndProject
Global
	GlobalSection(SolutionConfigurationPlatforms) = preSolution
		Debug|Any CPU = Debug|Any CPU
		Release|Any CPU = Release|Any CPU
	EndGlobalSection
	GlobalSection(ProjectConfigurationPlatforms) = postSolution
		{301E7D92-0BF2-4A3C-8F6C-DCF9B43218BA}.Debug|Any CPU.ActiveCfg = Debug|Any CPU
		{301E7D92-0BF2-4A3C-8F6C-DCF9B43218BA}.Debug|Any CPU.Build.0 = Debug|Any CPU
		{301E7D92-0BF2-4A3C-8F6C-DCF9B43218BA}.Release|Any CPU.ActiveCfg = Release|Any CPU
		{301E7D92-0BF2-4A3C-8F6C-DCF9B43218BA}.Release|Any CPU.Build.0 = Release|Any CPU
		{64A6DD38-5D87-4A92-92D9-B4910794EC9E}.Debug|Any CPU.ActiveCfg = Debug|Any CPU
		{64A6DD38-5D87-4A92-92D9-B4910794EC9E}.Debug|Any CPU.Build.0 = Debug|Any CPU
		{64A6DD38-5D87-4A92-92D9-B4910794EC9E}.Release|Any CPU.ActiveCfg = Release|Any CPU
		{64A6DD38-5D87-4A92-92D9-B4910794EC9E}.Release|Any CPU.Build.0 = Release|Any CPU
		{B5241F40-6C2E-4FD2-8192-8FF11B895984}.Debug|Any CPU.ActiveCfg = Debug|Any CPU
		{B5241F40-6C2E-4FD2-8192-8FF11B895984}.Debug|Any CPU.Build.0 = Debug|Any CPU
		{B5241F40-6C2E-4FD2-8192-8FF11B895984}.Release|Any CPU.ActiveCfg = Release|Any CPU
		{B5241F40-6C2E-4FD2-8192-8FF11B895984}.Release|Any CPU.Build.0 = Release|Any CPU
		{819003F2-1641-4E76-89B2-9CDA04DA738F}.Debug|Any CPU.ActiveCfg = Debug|Any CPU
		{819003F2-1641-4E76-89B2-9CDA04DA738F}.Debug|Any CPU.Build.0 = Debug|Any CPU
		{819003F2-1641-4E76-89B2-9CDA04DA738F}.Release|Any CPU.ActiveCfg = Release|Any CPU
		{819003F2-1641-4E76-89B2-9CDA04DA738F}.Release|Any CPU.Build.0 = Release|Any CPU
	EndGlobalSection
	GlobalSection(SolutionProperties) = preSolution
		HideSolutionNode = FALSE
	EndGlobalSection
	GlobalSection(ExtensibilityGlobals) = postSolution
		SolutionGuid = {5B88BC5E-32FA-4175-8F7B-15CFE1B07BEC}
	EndGlobalSection
EndGlobal
