
Microsoft Visual Studio Solution File, Format Version 12.00
# Visual Studio 15
VisualStudioVersion = 15.0.27703.2035
MinimumVisualStudioVersion = 10.0.40219.1
Project("{FAE04EC0-301F-11D3-BF4B-00C04F79EFBC}") = "Example01", "Example01\Example01.csproj", "{58F9C4B4-DF34-4140-9D89-58B15D2AB3C1}"
EndProject
Project("{FAE04EC0-301F-11D3-BF4B-00C04F79EFBC}") = "Example02", "Example02\Example02.csproj", "{CA8C4152-FD8F-4CA3-A971-1C6782F78036}"
EndProject
Project("{FAE04EC0-301F-11D3-BF4B-00C04F79EFBC}") = "Example03", "Example03\Example03.csproj", "{3CA020D7-CD7E-4ED5-8575-18B948F2706B}"
EndProject
Project("{FAE04EC0-301F-11D3-BF4B-00C04F79EFBC}") = "Example04", "Example04\Example04.csproj", "{315DC8FA-684C-4F0E-991F-EA3C07E1F3F2}"
EndProject
Project("{FAE04EC0-301F-11D3-BF4B-00C04F79EFBC}") = "Example05", "Example05\Example05.csproj", "{89773AD8-45EC-4C87-85DC-63202FEAFBF7}"
EndProject
Project("{FAE04EC0-301F-11D3-BF4B-00C04F79EFBC}") = "Example06", "Example06\Example06.csproj", "{637F2038-D01D-450F-BB24-25861FBBFB70}"
EndProject
Project("{FAE04EC0-301F-11D3-BF4B-00C04F79EFBC}") = "Example07", "Example07\Example07.csproj", "{4F2A6FCD-67DA-47C2-A879-408E567EE795}"
EndProject
Global
	GlobalSection(SolutionConfigurationPlatforms) = preSolution
		Debug|Any CPU = Debug|Any CPU
		Release|Any CPU = Release|Any CPU
	EndGlobalSection
	GlobalSection(ProjectConfigurationPlatforms) = postSolution
		{58F9C4B4-DF34-4140-9D89-58B15D2AB3C1}.Debug|Any CPU.ActiveCfg = Debug|Any CPU
		{58F9C4B4-DF34-4140-9D89-58B15D2AB3C1}.Debug|Any CPU.Build.0 = Debug|Any CPU
		{58F9C4B4-DF34-4140-9D89-58B15D2AB3C1}.Release|Any CPU.ActiveCfg = Release|Any CPU
		{58F9C4B4-DF34-4140-9D89-58B15D2AB3C1}.Release|Any CPU.Build.0 = Release|Any CPU
		{CA8C4152-FD8F-4CA3-A971-1C6782F78036}.Debug|Any CPU.ActiveCfg = Debug|Any CPU
		{CA8C4152-FD8F-4CA3-A971-1C6782F78036}.Debug|Any CPU.Build.0 = Debug|Any CPU
		{CA8C4152-FD8F-4CA3-A971-1C6782F78036}.Release|Any CPU.ActiveCfg = Release|Any CPU
		{CA8C4152-FD8F-4CA3-A971-1C6782F78036}.Release|Any CPU.Build.0 = Release|Any CPU
		{3CA020D7-CD7E-4ED5-8575-18B948F2706B}.Debug|Any CPU.ActiveCfg = Debug|Any CPU
		{3CA020D7-CD7E-4ED5-8575-18B948F2706B}.Debug|Any CPU.Build.0 = Debug|Any CPU
		{3CA020D7-CD7E-4ED5-8575-18B948F2706B}.Release|Any CPU.ActiveCfg = Release|Any CPU
		{3CA020D7-CD7E-4ED5-8575-18B948F2706B}.Release|Any CPU.Build.0 = Release|Any CPU
		{315DC8FA-684C-4F0E-991F-EA3C07E1F3F2}.Debug|Any CPU.ActiveCfg = Debug|Any CPU
		{315DC8FA-684C-4F0E-991F-EA3C07E1F3F2}.Debug|Any CPU.Build.0 = Debug|Any CPU
		{315DC8FA-684C-4F0E-991F-EA3C07E1F3F2}.Release|Any CPU.ActiveCfg = Release|Any CPU
		{315DC8FA-684C-4F0E-991F-EA3C07E1F3F2}.Release|Any CPU.Build.0 = Release|Any CPU
		{89773AD8-45EC-4C87-85DC-63202FEAFBF7}.Debug|Any CPU.ActiveCfg = Debug|Any CPU
		{89773AD8-45EC-4C87-85DC-63202FEAFBF7}.Debug|Any CPU.Build.0 = Debug|Any CPU
		{89773AD8-45EC-4C87-85DC-63202FEAFBF7}.Release|Any CPU.ActiveCfg = Release|Any CPU
		{89773AD8-45EC-4C87-85DC-63202FEAFBF7}.Release|Any CPU.Build.0 = Release|Any CPU
		{637F2038-D01D-450F-BB24-25861FBBFB70}.Debug|Any CPU.ActiveCfg = Debug|Any CPU
		{637F2038-D01D-450F-BB24-25861FBBFB70}.Debug|Any CPU.Build.0 = Debug|Any CPU
		{637F2038-D01D-450F-BB24-25861FBBFB70}.Release|Any CPU.ActiveCfg = Release|Any CPU
		{637F2038-D01D-450F-BB24-25861FBBFB70}.Release|Any CPU.Build.0 = Release|Any CPU
		{4F2A6FCD-67DA-47C2-A879-408E567EE795}.Debug|Any CPU.ActiveCfg = Debug|Any CPU
		{4F2A6FCD-67DA-47C2-A879-408E567EE795}.Debug|Any CPU.Build.0 = Debug|Any CPU
		{4F2A6FCD-67DA-47C2-A879-408E567EE795}.Release|Any CPU.ActiveCfg = Release|Any CPU
		{4F2A6FCD-67DA-47C2-A879-408E567EE795}.Release|Any CPU.Build.0 = Release|Any CPU
	EndGlobalSection
	GlobalSection(SolutionProperties) = preSolution
		HideSolutionNode = FALSE
	EndGlobalSection
	GlobalSection(ExtensibilityGlobals) = postSolution
		SolutionGuid = {436AADBA-C76E-4225-ADFE-DC125E9B40DD}
	EndGlobalSection
EndGlobal
