
Microsoft Visual Studio Solution File, Format Version 12.00
# Visual Studio 15
VisualStudioVersion = 15.0.27703.2035
MinimumVisualStudioVersion = 10.0.40219.1
Project("{FAE04EC0-301F-11D3-BF4B-00C04F79EFBC}") = "WindowsFormsApp1", "WindowsFormsApp1\WindowsFormsApp1.csproj", "{AC6D4505-4ECE-46AA-A735-7A956F1540E7}"
EndProject
Global
	GlobalSection(SolutionConfigurationPlatforms) = preSolution
		Debug|Any CPU = Debug|Any CPU
		Release|Any CPU = Release|Any CPU
	EndGlobalSection
	GlobalSection(ProjectConfigurationPlatforms) = postSolution
		{AC6D4505-4ECE-46AA-A735-7A956F1540E7}.Debug|Any CPU.ActiveCfg = Debug|Any CPU
		{AC6D4505-4ECE-46AA-A735-7A956F1540E7}.Debug|Any CPU.Build.0 = Debug|Any CPU
		{AC6D4505-4ECE-46AA-A735-7A956F1540E7}.Release|Any CPU.ActiveCfg = Release|Any CPU
		{AC6D4505-4ECE-46AA-A735-7A956F1540E7}.Release|Any CPU.Build.0 = Release|Any CPU
	EndGlobalSection
	GlobalSection(SolutionProperties) = preSolution
		HideSolutionNode = FALSE
	EndGlobalSection
	GlobalSection(ExtensibilityGlobals) = postSolution
		SolutionGuid = {84CD9336-9153-450A-A1BC-FD4806C400D2}
	EndGlobalSection
EndGlobal
