
Microsoft Visual Studio Solution File, Format Version 12.00
# Visual Studio 15
VisualStudioVersion = 15.0.27703.2035
MinimumVisualStudioVersion = 10.0.40219.1
Project("{FAE04EC0-301F-11D3-BF4B-00C04F79EFBC}") = "Example01", "Example01\Example01.csproj", "{334B0462-5C85-449C-B6C0-0AA316EC28CD}"
EndProject
Project("{FAE04EC0-301F-11D3-BF4B-00C04F79EFBC}") = "Example02", "Example02\Example02.csproj", "{6C5A2E27-359C-4152-A43C-2CEE1FE05430}"
EndProject
Project("{FAE04EC0-301F-11D3-BF4B-00C04F79EFBC}") = "Example03", "Example03\Example03.csproj", "{06B580B3-8D8F-400D-93FF-7AB39E88256D}"
EndProject
Global
	GlobalSection(SolutionConfigurationPlatforms) = preSolution
		Debug|Any CPU = Debug|Any CPU
		Release|Any CPU = Release|Any CPU
	EndGlobalSection
	GlobalSection(ProjectConfigurationPlatforms) = postSolution
		{334B0462-5C85-449C-B6C0-0AA316EC28CD}.Debug|Any CPU.ActiveCfg = Debug|Any CPU
		{334B0462-5C85-449C-B6C0-0AA316EC28CD}.Debug|Any CPU.Build.0 = Debug|Any CPU
		{334B0462-5C85-449C-B6C0-0AA316EC28CD}.Release|Any CPU.ActiveCfg = Release|Any CPU
		{334B0462-5C85-449C-B6C0-0AA316EC28CD}.Release|Any CPU.Build.0 = Release|Any CPU
		{6C5A2E27-359C-4152-A43C-2CEE1FE05430}.Debug|Any CPU.ActiveCfg = Debug|Any CPU
		{6C5A2E27-359C-4152-A43C-2CEE1FE05430}.Debug|Any CPU.Build.0 = Debug|Any CPU
		{6C5A2E27-359C-4152-A43C-2CEE1FE05430}.Release|Any CPU.ActiveCfg = Release|Any CPU
		{6C5A2E27-359C-4152-A43C-2CEE1FE05430}.Release|Any CPU.Build.0 = Release|Any CPU
		{06B580B3-8D8F-400D-93FF-7AB39E88256D}.Debug|Any CPU.ActiveCfg = Debug|Any CPU
		{06B580B3-8D8F-400D-93FF-7AB39E88256D}.Debug|Any CPU.Build.0 = Debug|Any CPU
		{06B580B3-8D8F-400D-93FF-7AB39E88256D}.Release|Any CPU.ActiveCfg = Release|Any CPU
		{06B580B3-8D8F-400D-93FF-7AB39E88256D}.Release|Any CPU.Build.0 = Release|Any CPU
	EndGlobalSection
	GlobalSection(SolutionProperties) = preSolution
		HideSolutionNode = FALSE
	EndGlobalSection
	GlobalSection(ExtensibilityGlobals) = postSolution
		SolutionGuid = {917ABA38-FF04-46B8-A4AB-A3A9086A4316}
	EndGlobalSection
EndGlobal
