
Microsoft Visual Studio Solution File, Format Version 12.00
# Visual Studio 15
VisualStudioVersion = 15.0.27703.2035
MinimumVisualStudioVersion = 10.0.40219.1
Project("{FAE04EC0-301F-11D3-BF4B-00C04F79EFBC}") = "ConsoleApp2", "ConsoleApp2\ConsoleApp2.csproj", "{80752ED6-DBA4-45DF-A31F-142FE2A1F30A}"
EndProject
Global
	GlobalSection(SolutionConfigurationPlatforms) = preSolution
		Debug|Any CPU = Debug|Any CPU
		Release|Any CPU = Release|Any CPU
	EndGlobalSection
	GlobalSection(ProjectConfigurationPlatforms) = postSolution
		{80752ED6-DBA4-45DF-A31F-142FE2A1F30A}.Debug|Any CPU.ActiveCfg = Debug|Any CPU
		{80752ED6-DBA4-45DF-A31F-142FE2A1F30A}.Debug|Any CPU.Build.0 = Debug|Any CPU
		{80752ED6-DBA4-45DF-A31F-142FE2A1F30A}.Release|Any CPU.ActiveCfg = Release|Any CPU
		{80752ED6-DBA4-45DF-A31F-142FE2A1F30A}.Release|Any CPU.Build.0 = Release|Any CPU
	EndGlobalSection
	GlobalSection(SolutionProperties) = preSolution
		HideSolutionNode = FALSE
	EndGlobalSection
	GlobalSection(ExtensibilityGlobals) = postSolution
		SolutionGuid = {B86C8266-1625-4F68-9833-6C75691F2B69}
	EndGlobalSection
EndGlobal
