
Microsoft Visual Studio Solution File, Format Version 12.00
# Visual Studio 15
VisualStudioVersion = 15.0.27703.2035
MinimumVisualStudioVersion = 10.0.40219.1
Project("{FAE04EC0-301F-11D3-BF4B-00C04F79EFBC}") = "Example05", "Example05\Example05.csproj", "{F63F1A6B-E79E-45DD-95A5-50630B6C296A}"
EndProject
Project("{FAE04EC0-301F-11D3-BF4B-00C04F79EFBC}") = "Example01", "Example01\Example01.csproj", "{7CA0755C-F735-42A6-A812-2D46C37A09D8}"
EndProject
Project("{FAE04EC0-301F-11D3-BF4B-00C04F79EFBC}") = "Example02", "Example02\Example02.csproj", "{AAF2C2F6-96D2-4D0E-AB15-672864BB4BF5}"
EndProject
Project("{FAE04EC0-301F-11D3-BF4B-00C04F79EFBC}") = "Example03", "Example03\Example03.csproj", "{A3079799-993D-431A-8F22-8D056AA41D85}"
EndProject
Project("{FAE04EC0-301F-11D3-BF4B-00C04F79EFBC}") = "Example04", "Example04\Example04.csproj", "{C1345220-471B-474F-BCE2-699E7BF94ACB}"
EndProject
Global
	GlobalSection(SolutionConfigurationPlatforms) = preSolution
		Debug|Any CPU = Debug|Any CPU
		Release|Any CPU = Release|Any CPU
	EndGlobalSection
	GlobalSection(ProjectConfigurationPlatforms) = postSolution
		{F63F1A6B-E79E-45DD-95A5-50630B6C296A}.Debug|Any CPU.ActiveCfg = Debug|Any CPU
		{F63F1A6B-E79E-45DD-95A5-50630B6C296A}.Debug|Any CPU.Build.0 = Debug|Any CPU
		{F63F1A6B-E79E-45DD-95A5-50630B6C296A}.Release|Any CPU.ActiveCfg = Release|Any CPU
		{F63F1A6B-E79E-45DD-95A5-50630B6C296A}.Release|Any CPU.Build.0 = Release|Any CPU
		{7CA0755C-F735-42A6-A812-2D46C37A09D8}.Debug|Any CPU.ActiveCfg = Debug|Any CPU
		{7CA0755C-F735-42A6-A812-2D46C37A09D8}.Debug|Any CPU.Build.0 = Debug|Any CPU
		{7CA0755C-F735-42A6-A812-2D46C37A09D8}.Release|Any CPU.ActiveCfg = Release|Any CPU
		{7CA0755C-F735-42A6-A812-2D46C37A09D8}.Release|Any CPU.Build.0 = Release|Any CPU
		{AAF2C2F6-96D2-4D0E-AB15-672864BB4BF5}.Debug|Any CPU.ActiveCfg = Debug|Any CPU
		{AAF2C2F6-96D2-4D0E-AB15-672864BB4BF5}.Debug|Any CPU.Build.0 = Debug|Any CPU
		{AAF2C2F6-96D2-4D0E-AB15-672864BB4BF5}.Release|Any CPU.ActiveCfg = Release|Any CPU
		{AAF2C2F6-96D2-4D0E-AB15-672864BB4BF5}.Release|Any CPU.Build.0 = Release|Any CPU
		{A3079799-993D-431A-8F22-8D056AA41D85}.Debug|Any CPU.ActiveCfg = Debug|Any CPU
		{A3079799-993D-431A-8F22-8D056AA41D85}.Debug|Any CPU.Build.0 = Debug|Any CPU
		{A3079799-993D-431A-8F22-8D056AA41D85}.Release|Any CPU.ActiveCfg = Release|Any CPU
		{A3079799-993D-431A-8F22-8D056AA41D85}.Release|Any CPU.Build.0 = Release|Any CPU
		{C1345220-471B-474F-BCE2-699E7BF94ACB}.Debug|Any CPU.ActiveCfg = Debug|Any CPU
		{C1345220-471B-474F-BCE2-699E7BF94ACB}.Debug|Any CPU.Build.0 = Debug|Any CPU
		{C1345220-471B-474F-BCE2-699E7BF94ACB}.Release|Any CPU.ActiveCfg = Release|Any CPU
		{C1345220-471B-474F-BCE2-699E7BF94ACB}.Release|Any CPU.Build.0 = Release|Any CPU
	EndGlobalSection
	GlobalSection(SolutionProperties) = preSolution
		HideSolutionNode = FALSE
	EndGlobalSection
	GlobalSection(ExtensibilityGlobals) = postSolution
		SolutionGuid = {FC1AB1D1-4BF3-455D-8479-1DE4ED8F386B}
	EndGlobalSection
EndGlobal
