
Microsoft Visual Studio Solution File, Format Version 12.00
# Visual Studio 15
VisualStudioVersion = 15.0.26228.9
MinimumVisualStudioVersion = 10.0.40219.1
Project("{FAE04EC0-301F-11D3-BF4B-00C04F79EFBC}") = "Example01", "Example01\Example01.csproj", "{499E4A4D-F6B1-47BD-8A33-F7CED5BF5797}"
EndProject
Project("{FAE04EC0-301F-11D3-BF4B-00C04F79EFBC}") = "Example02", "Example02\Example02.csproj", "{4E7DF637-9103-4BF9-94BB-758B0A62827C}"
EndProject
Project("{FAE04EC0-301F-11D3-BF4B-00C04F79EFBC}") = "Practice01", "Practice01\Practice01.csproj", "{59D8A618-F401-4051-B26B-B32BB2798477}"
EndProject
Project("{FAE04EC0-301F-11D3-BF4B-00C04F79EFBC}") = "Example04", "Example04\Example04.csproj", "{BD91C25F-AFDA-40F7-92DF-33FB8FBB8AD0}"
EndProject
Project("{FAE04EC0-301F-11D3-BF4B-00C04F79EFBC}") = "Example03", "Example03\Example03.csproj", "{C6B5562F-1E7B-4C7F-9E35-F5C7AA5BFABD}"
EndProject
Project("{FAE04EC0-301F-11D3-BF4B-00C04F79EFBC}") = "Example05", "Example05\Example05.csproj", "{6A448838-DCD6-46D2-8F2A-CE28A488AA0A}"
EndProject
Project("{FAE04EC0-301F-11D3-BF4B-00C04F79EFBC}") = "Example06", "Example06\Example06.csproj", "{76109E14-4941-4FBB-8AF3-1EA9E229C8B5}"
EndProject
Global
	GlobalSection(SolutionConfigurationPlatforms) = preSolution
		Debug|Any CPU = Debug|Any CPU
		Release|Any CPU = Release|Any CPU
	EndGlobalSection
	GlobalSection(ProjectConfigurationPlatforms) = postSolution
		{499E4A4D-F6B1-47BD-8A33-F7CED5BF5797}.Debug|Any CPU.ActiveCfg = Debug|Any CPU
		{499E4A4D-F6B1-47BD-8A33-F7CED5BF5797}.Debug|Any CPU.Build.0 = Debug|Any CPU
		{499E4A4D-F6B1-47BD-8A33-F7CED5BF5797}.Release|Any CPU.ActiveCfg = Release|Any CPU
		{499E4A4D-F6B1-47BD-8A33-F7CED5BF5797}.Release|Any CPU.Build.0 = Release|Any CPU
		{4E7DF637-9103-4BF9-94BB-758B0A62827C}.Debug|Any CPU.ActiveCfg = Debug|Any CPU
		{4E7DF637-9103-4BF9-94BB-758B0A62827C}.Debug|Any CPU.Build.0 = Debug|Any CPU
		{4E7DF637-9103-4BF9-94BB-758B0A62827C}.Release|Any CPU.ActiveCfg = Release|Any CPU
		{4E7DF637-9103-4BF9-94BB-758B0A62827C}.Release|Any CPU.Build.0 = Release|Any CPU
		{59D8A618-F401-4051-B26B-B32BB2798477}.Debug|Any CPU.ActiveCfg = Debug|Any CPU
		{59D8A618-F401-4051-B26B-B32BB2798477}.Debug|Any CPU.Build.0 = Debug|Any CPU
		{59D8A618-F401-4051-B26B-B32BB2798477}.Release|Any CPU.ActiveCfg = Release|Any CPU
		{59D8A618-F401-4051-B26B-B32BB2798477}.Release|Any CPU.Build.0 = Release|Any CPU
		{BD91C25F-AFDA-40F7-92DF-33FB8FBB8AD0}.Debug|Any CPU.ActiveCfg = Debug|Any CPU
		{BD91C25F-AFDA-40F7-92DF-33FB8FBB8AD0}.Debug|Any CPU.Build.0 = Debug|Any CPU
		{BD91C25F-AFDA-40F7-92DF-33FB8FBB8AD0}.Release|Any CPU.ActiveCfg = Release|Any CPU
		{BD91C25F-AFDA-40F7-92DF-33FB8FBB8AD0}.Release|Any CPU.Build.0 = Release|Any CPU
		{C6B5562F-1E7B-4C7F-9E35-F5C7AA5BFABD}.Debug|Any CPU.ActiveCfg = Debug|Any CPU
		{C6B5562F-1E7B-4C7F-9E35-F5C7AA5BFABD}.Debug|Any CPU.Build.0 = Debug|Any CPU
		{C6B5562F-1E7B-4C7F-9E35-F5C7AA5BFABD}.Release|Any CPU.ActiveCfg = Release|Any CPU
		{C6B5562F-1E7B-4C7F-9E35-F5C7AA5BFABD}.Release|Any CPU.Build.0 = Release|Any CPU
		{6A448838-DCD6-46D2-8F2A-CE28A488AA0A}.Debug|Any CPU.ActiveCfg = Debug|Any CPU
		{6A448838-DCD6-46D2-8F2A-CE28A488AA0A}.Debug|Any CPU.Build.0 = Debug|Any CPU
		{6A448838-DCD6-46D2-8F2A-CE28A488AA0A}.Release|Any CPU.ActiveCfg = Release|Any CPU
		{6A448838-DCD6-46D2-8F2A-CE28A488AA0A}.Release|Any CPU.Build.0 = Release|Any CPU
		{76109E14-4941-4FBB-8AF3-1EA9E229C8B5}.Debug|Any CPU.ActiveCfg = Debug|Any CPU
		{76109E14-4941-4FBB-8AF3-1EA9E229C8B5}.Debug|Any CPU.Build.0 = Debug|Any CPU
		{76109E14-4941-4FBB-8AF3-1EA9E229C8B5}.Release|Any CPU.ActiveCfg = Release|Any CPU
		{76109E14-4941-4FBB-8AF3-1EA9E229C8B5}.Release|Any CPU.Build.0 = Release|Any CPU
	EndGlobalSection
	GlobalSection(SolutionProperties) = preSolution
		HideSolutionNode = FALSE
	EndGlobalSection
EndGlobal
