
Microsoft Visual Studio Solution File, Format Version 12.00
# Visual Studio 15
VisualStudioVersion = 15.0.26228.9
MinimumVisualStudioVersion = 10.0.40219.1
Project("{FAE04EC0-301F-11D3-BF4B-00C04F79EFBC}") = "Example1-Console", "Example1-Console\Example1-Console.csproj", "{42B3A3EA-5658-4513-9288-629E1B07D245}"
EndProject
Project("{FAE04EC0-301F-11D3-BF4B-00C04F79EFBC}") = "Example02-WinForm", "Example02-WinForm\Example02-WinForm.csproj", "{EC101E70-8E6E-4E4C-8123-0F7700FF1CCF}"
EndProject
Project("{FAE04EC0-301F-11D3-BF4B-00C04F79EFBC}") = "Example03-Console", "Example03-Console\Example03-Console.csproj", "{04ADFECE-2081-46F6-91A4-EC1ECD65A87D}"
EndProject
Global
	GlobalSection(SolutionConfigurationPlatforms) = preSolution
		Debug|Any CPU = Debug|Any CPU
		Release|Any CPU = Release|Any CPU
	EndGlobalSection
	GlobalSection(ProjectConfigurationPlatforms) = postSolution
		{42B3A3EA-5658-4513-9288-629E1B07D245}.Debug|Any CPU.ActiveCfg = Debug|Any CPU
		{42B3A3EA-5658-4513-9288-629E1B07D245}.Debug|Any CPU.Build.0 = Debug|Any CPU
		{42B3A3EA-5658-4513-9288-629E1B07D245}.Release|Any CPU.ActiveCfg = Release|Any CPU
		{42B3A3EA-5658-4513-9288-629E1B07D245}.Release|Any CPU.Build.0 = Release|Any CPU
		{EC101E70-8E6E-4E4C-8123-0F7700FF1CCF}.Debug|Any CPU.ActiveCfg = Debug|Any CPU
		{EC101E70-8E6E-4E4C-8123-0F7700FF1CCF}.Debug|Any CPU.Build.0 = Debug|Any CPU
		{EC101E70-8E6E-4E4C-8123-0F7700FF1CCF}.Release|Any CPU.ActiveCfg = Release|Any CPU
		{EC101E70-8E6E-4E4C-8123-0F7700FF1CCF}.Release|Any CPU.Build.0 = Release|Any CPU
		{04ADFECE-2081-46F6-91A4-EC1ECD65A87D}.Debug|Any CPU.ActiveCfg = Debug|Any CPU
		{04ADFECE-2081-46F6-91A4-EC1ECD65A87D}.Debug|Any CPU.Build.0 = Debug|Any CPU
		{04ADFECE-2081-46F6-91A4-EC1ECD65A87D}.Release|Any CPU.ActiveCfg = Release|Any CPU
		{04ADFECE-2081-46F6-91A4-EC1ECD65A87D}.Release|Any CPU.Build.0 = Release|Any CPU
	EndGlobalSection
	GlobalSection(SolutionProperties) = preSolution
		HideSolutionNode = FALSE
	EndGlobalSection
EndGlobal
