
Microsoft Visual Studio Solution File, Format Version 12.00
# Visual Studio 15
VisualStudioVersion = 15.0.27130.2003
MinimumVisualStudioVersion = 10.0.40219.1
Project("{FAE04EC0-301F-11D3-BF4B-00C04F79EFBC}") = "WhiteLoopExample", "WhiteLoopExample\WhiteLoopExample.csproj", "{6915826E-E4C4-414C-BE59-C67BE64274C5}"
EndProject
Project("{FAE04EC0-301F-11D3-BF4B-00C04F79EFBC}") = "ForLoopControl", "ForLoopControl\ForLoopControl.csproj", "{BA8434C4-CE1A-4601-8033-856FDC35EFBC}"
EndProject
Project("{FAE04EC0-301F-11D3-BF4B-00C04F79EFBC}") = "StudentLibrary", "StudentLibrary\StudentLibrary.csproj", "{7B6FB980-2F86-4E36-BBE0-7381F7F5B5AB}"
EndProject
Project("{FAE04EC0-301F-11D3-BF4B-00C04F79EFBC}") = "TestApp", "TestApp\TestApp.csproj", "{08DC3243-377E-4ED6-ACB1-EC30CBCC0488}"
EndProject
Global
	GlobalSection(SolutionConfigurationPlatforms) = preSolution
		Debug|Any CPU = Debug|Any CPU
		Release|Any CPU = Release|Any CPU
	EndGlobalSection
	GlobalSection(ProjectConfigurationPlatforms) = postSolution
		{6915826E-E4C4-414C-BE59-C67BE64274C5}.Debug|Any CPU.ActiveCfg = Debug|Any CPU
		{6915826E-E4C4-414C-BE59-C67BE64274C5}.Debug|Any CPU.Build.0 = Debug|Any CPU
		{6915826E-E4C4-414C-BE59-C67BE64274C5}.Release|Any CPU.ActiveCfg = Release|Any CPU
		{6915826E-E4C4-414C-BE59-C67BE64274C5}.Release|Any CPU.Build.0 = Release|Any CPU
		{BA8434C4-CE1A-4601-8033-856FDC35EFBC}.Debug|Any CPU.ActiveCfg = Debug|Any CPU
		{BA8434C4-CE1A-4601-8033-856FDC35EFBC}.Debug|Any CPU.Build.0 = Debug|Any CPU
		{BA8434C4-CE1A-4601-8033-856FDC35EFBC}.Release|Any CPU.ActiveCfg = Release|Any CPU
		{BA8434C4-CE1A-4601-8033-856FDC35EFBC}.Release|Any CPU.Build.0 = Release|Any CPU
		{7B6FB980-2F86-4E36-BBE0-7381F7F5B5AB}.Debug|Any CPU.ActiveCfg = Debug|Any CPU
		{7B6FB980-2F86-4E36-BBE0-7381F7F5B5AB}.Debug|Any CPU.Build.0 = Debug|Any CPU
		{7B6FB980-2F86-4E36-BBE0-7381F7F5B5AB}.Release|Any CPU.ActiveCfg = Release|Any CPU
		{7B6FB980-2F86-4E36-BBE0-7381F7F5B5AB}.Release|Any CPU.Build.0 = Release|Any CPU
		{08DC3243-377E-4ED6-ACB1-EC30CBCC0488}.Debug|Any CPU.ActiveCfg = Debug|Any CPU
		{08DC3243-377E-4ED6-ACB1-EC30CBCC0488}.Debug|Any CPU.Build.0 = Debug|Any CPU
		{08DC3243-377E-4ED6-ACB1-EC30CBCC0488}.Release|Any CPU.ActiveCfg = Release|Any CPU
		{08DC3243-377E-4ED6-ACB1-EC30CBCC0488}.Release|Any CPU.Build.0 = Release|Any CPU
	EndGlobalSection
	GlobalSection(SolutionProperties) = preSolution
		HideSolutionNode = FALSE
	EndGlobalSection
	GlobalSection(ExtensibilityGlobals) = postSolution
		SolutionGuid = {E4A99CCB-1CD1-4962-9C2C-B8462EA6E851}
	EndGlobalSection
EndGlobal
