
Microsoft Visual Studio Solution File, Format Version 12.00
# Visual Studio 15
VisualStudioVersion = 15.0.26228.9
MinimumVisualStudioVersion = 10.0.40219.1
Project("{FAE04EC0-301F-11D3-BF4B-00C04F79EFBC}") = "Example01", "Example01\Example01.csproj", "{D7D2776E-4631-441F-865D-3A7F3132300B}"
EndProject
Project("{FAE04EC0-301F-11D3-BF4B-00C04F79EFBC}") = "Example02", "Example02\Example02.csproj", "{7649756F-0EB4-46A4-A542-7A6ECB02173B}"
EndProject
Project("{FAE04EC0-301F-11D3-BF4B-00C04F79EFBC}") = "Example03", "Example03\Example03.csproj", "{FCFFB56B-BCCA-4E3B-81C4-E6CA2DF14A44}"
EndProject
Project("{FAE04EC0-301F-11D3-BF4B-00C04F79EFBC}") = "Example04", "Example04\Example04.csproj", "{2B1635AB-E3E4-4E16-95DC-F24C8A12C260}"
EndProject
Project("{FAE04EC0-301F-11D3-BF4B-00C04F79EFBC}") = "Example05", "Example05\Example05.csproj", "{838C51F7-0AB4-4E79-8A2F-AEDE985F8380}"
EndProject
Project("{FAE04EC0-301F-11D3-BF4B-00C04F79EFBC}") = "Example06", "Example06\Example06.csproj", "{A96A1B9E-F3D0-4B5C-A3B6-5477F7CA3C60}"
EndProject
Global
	GlobalSection(SolutionConfigurationPlatforms) = preSolution
		Debug|Any CPU = Debug|Any CPU
		Release|Any CPU = Release|Any CPU
	EndGlobalSection
	GlobalSection(ProjectConfigurationPlatforms) = postSolution
		{D7D2776E-4631-441F-865D-3A7F3132300B}.Debug|Any CPU.ActiveCfg = Debug|Any CPU
		{D7D2776E-4631-441F-865D-3A7F3132300B}.Debug|Any CPU.Build.0 = Debug|Any CPU
		{D7D2776E-4631-441F-865D-3A7F3132300B}.Release|Any CPU.ActiveCfg = Release|Any CPU
		{D7D2776E-4631-441F-865D-3A7F3132300B}.Release|Any CPU.Build.0 = Release|Any CPU
		{7649756F-0EB4-46A4-A542-7A6ECB02173B}.Debug|Any CPU.ActiveCfg = Debug|Any CPU
		{7649756F-0EB4-46A4-A542-7A6ECB02173B}.Debug|Any CPU.Build.0 = Debug|Any CPU
		{7649756F-0EB4-46A4-A542-7A6ECB02173B}.Release|Any CPU.ActiveCfg = Release|Any CPU
		{7649756F-0EB4-46A4-A542-7A6ECB02173B}.Release|Any CPU.Build.0 = Release|Any CPU
		{FCFFB56B-BCCA-4E3B-81C4-E6CA2DF14A44}.Debug|Any CPU.ActiveCfg = Debug|Any CPU
		{FCFFB56B-BCCA-4E3B-81C4-E6CA2DF14A44}.Debug|Any CPU.Build.0 = Debug|Any CPU
		{FCFFB56B-BCCA-4E3B-81C4-E6CA2DF14A44}.Release|Any CPU.ActiveCfg = Release|Any CPU
		{FCFFB56B-BCCA-4E3B-81C4-E6CA2DF14A44}.Release|Any CPU.Build.0 = Release|Any CPU
		{2B1635AB-E3E4-4E16-95DC-F24C8A12C260}.Debug|Any CPU.ActiveCfg = Debug|Any CPU
		{2B1635AB-E3E4-4E16-95DC-F24C8A12C260}.Debug|Any CPU.Build.0 = Debug|Any CPU
		{2B1635AB-E3E4-4E16-95DC-F24C8A12C260}.Release|Any CPU.ActiveCfg = Release|Any CPU
		{2B1635AB-E3E4-4E16-95DC-F24C8A12C260}.Release|Any CPU.Build.0 = Release|Any CPU
		{838C51F7-0AB4-4E79-8A2F-AEDE985F8380}.Debug|Any CPU.ActiveCfg = Debug|Any CPU
		{838C51F7-0AB4-4E79-8A2F-AEDE985F8380}.Debug|Any CPU.Build.0 = Debug|Any CPU
		{838C51F7-0AB4-4E79-8A2F-AEDE985F8380}.Release|Any CPU.ActiveCfg = Release|Any CPU
		{838C51F7-0AB4-4E79-8A2F-AEDE985F8380}.Release|Any CPU.Build.0 = Release|Any CPU
		{A96A1B9E-F3D0-4B5C-A3B6-5477F7CA3C60}.Debug|Any CPU.ActiveCfg = Debug|Any CPU
		{A96A1B9E-F3D0-4B5C-A3B6-5477F7CA3C60}.Debug|Any CPU.Build.0 = Debug|Any CPU
		{A96A1B9E-F3D0-4B5C-A3B6-5477F7CA3C60}.Release|Any CPU.ActiveCfg = Release|Any CPU
		{A96A1B9E-F3D0-4B5C-A3B6-5477F7CA3C60}.Release|Any CPU.Build.0 = Release|Any CPU
	EndGlobalSection
	GlobalSection(SolutionProperties) = preSolution
		HideSolutionNode = FALSE
	EndGlobalSection
EndGlobal
