
Microsoft Visual Studio Solution File, Format Version 12.00
# Visual Studio 15
VisualStudioVersion = 15.0.27703.2035
MinimumVisualStudioVersion = 10.0.40219.1
Project("{FAE04EC0-301F-11D3-BF4B-00C04F79EFBC}") = "EasyMath", "EasyMath\EasyMath.csproj", "{CDB5418F-F61D-4BE3-94DD-149EB26445A8}"
EndProject
Project("{FAE04EC0-301F-11D3-BF4B-00C04F79EFBC}") = "Example01", "Example01\Example01.csproj", "{D1B9320C-B98F-430E-9CB9-C2EA25271A25}"
EndProject
Project("{FAE04EC0-301F-11D3-BF4B-00C04F79EFBC}") = "Example02", "Example02\Example02.csproj", "{2C2D2176-32A5-4123-ADE8-95A10DDF1535}"
EndProject
Global
	GlobalSection(SolutionConfigurationPlatforms) = preSolution
		Debug|Any CPU = Debug|Any CPU
		Release|Any CPU = Release|Any CPU
	EndGlobalSection
	GlobalSection(ProjectConfigurationPlatforms) = postSolution
		{CDB5418F-F61D-4BE3-94DD-149EB26445A8}.Debug|Any CPU.ActiveCfg = Debug|Any CPU
		{CDB5418F-F61D-4BE3-94DD-149EB26445A8}.Debug|Any CPU.Build.0 = Debug|Any CPU
		{CDB5418F-F61D-4BE3-94DD-149EB26445A8}.Release|Any CPU.ActiveCfg = Release|Any CPU
		{CDB5418F-F61D-4BE3-94DD-149EB26445A8}.Release|Any CPU.Build.0 = Release|Any CPU
		{D1B9320C-B98F-430E-9CB9-C2EA25271A25}.Debug|Any CPU.ActiveCfg = Debug|Any CPU
		{D1B9320C-B98F-430E-9CB9-C2EA25271A25}.Debug|Any CPU.Build.0 = Debug|Any CPU
		{D1B9320C-B98F-430E-9CB9-C2EA25271A25}.Release|Any CPU.ActiveCfg = Release|Any CPU
		{D1B9320C-B98F-430E-9CB9-C2EA25271A25}.Release|Any CPU.Build.0 = Release|Any CPU
		{2C2D2176-32A5-4123-ADE8-95A10DDF1535}.Debug|Any CPU.ActiveCfg = Debug|Any CPU
		{2C2D2176-32A5-4123-ADE8-95A10DDF1535}.Debug|Any CPU.Build.0 = Debug|Any CPU
		{2C2D2176-32A5-4123-ADE8-95A10DDF1535}.Release|Any CPU.ActiveCfg = Release|Any CPU
		{2C2D2176-32A5-4123-ADE8-95A10DDF1535}.Release|Any CPU.Build.0 = Release|Any CPU
	EndGlobalSection
	GlobalSection(SolutionProperties) = preSolution
		HideSolutionNode = FALSE
	EndGlobalSection
	GlobalSection(ExtensibilityGlobals) = postSolution
		SolutionGuid = {CCD9FEDD-D4E7-4F5E-BE41-C705915DA898}
	EndGlobalSection
EndGlobal
