
Microsoft Visual Studio Solution File, Format Version 12.00
# Visual Studio 15
VisualStudioVersion = 15.0.27703.2035
MinimumVisualStudioVersion = 10.0.40219.1
Project("{FAE04EC0-301F-11D3-BF4B-00C04F79EFBC}") = "SchoolLibrary", "SchoolLibrary\SchoolLibrary.csproj", "{7F20E198-A107-4291-9C20-592FF46F0925}"
EndProject
Project("{FAE04EC0-301F-11D3-BF4B-00C04F79EFBC}") = "Example01", "Example01\Example01.csproj", "{FD50E24F-B04D-4377-A50C-900DF4ACC947}"
EndProject
Project("{FAE04EC0-301F-11D3-BF4B-00C04F79EFBC}") = "Example02", "Example02\Example02.csproj", "{10C93732-C4EA-4EB3-889B-403A5F37D6D2}"
EndProject
Project("{FAE04EC0-301F-11D3-BF4B-00C04F79EFBC}") = "Example03", "Example03\Example03.csproj", "{AFFBB2C3-40F2-4597-9140-9EB2C2F4A603}"
EndProject
Project("{FAE04EC0-301F-11D3-BF4B-00C04F79EFBC}") = "Example04", "Example04\Example04.csproj", "{6AEC25D4-575D-497C-A21A-EDC5215EB477}"
EndProject
Project("{FAE04EC0-301F-11D3-BF4B-00C04F79EFBC}") = "Example05", "Example05\Example05.csproj", "{505858E6-5388-43C2-9BF0-793886D7DAF5}"
EndProject
Project("{FAE04EC0-301F-11D3-BF4B-00C04F79EFBC}") = "PokemonLibrary", "PokemonLibrary\PokemonLibrary.csproj", "{9FDCCD1C-5240-4F8D-A2F6-5EABF7CD42F7}"
EndProject
Global
	GlobalSection(SolutionConfigurationPlatforms) = preSolution
		Debug|Any CPU = Debug|Any CPU
		Release|Any CPU = Release|Any CPU
	EndGlobalSection
	GlobalSection(ProjectConfigurationPlatforms) = postSolution
		{7F20E198-A107-4291-9C20-592FF46F0925}.Debug|Any CPU.ActiveCfg = Debug|Any CPU
		{7F20E198-A107-4291-9C20-592FF46F0925}.Debug|Any CPU.Build.0 = Debug|Any CPU
		{7F20E198-A107-4291-9C20-592FF46F0925}.Release|Any CPU.ActiveCfg = Release|Any CPU
		{7F20E198-A107-4291-9C20-592FF46F0925}.Release|Any CPU.Build.0 = Release|Any CPU
		{FD50E24F-B04D-4377-A50C-900DF4ACC947}.Debug|Any CPU.ActiveCfg = Debug|Any CPU
		{FD50E24F-B04D-4377-A50C-900DF4ACC947}.Debug|Any CPU.Build.0 = Debug|Any CPU
		{FD50E24F-B04D-4377-A50C-900DF4ACC947}.Release|Any CPU.ActiveCfg = Release|Any CPU
		{FD50E24F-B04D-4377-A50C-900DF4ACC947}.Release|Any CPU.Build.0 = Release|Any CPU
		{10C93732-C4EA-4EB3-889B-403A5F37D6D2}.Debug|Any CPU.ActiveCfg = Debug|Any CPU
		{10C93732-C4EA-4EB3-889B-403A5F37D6D2}.Debug|Any CPU.Build.0 = Debug|Any CPU
		{10C93732-C4EA-4EB3-889B-403A5F37D6D2}.Release|Any CPU.ActiveCfg = Release|Any CPU
		{10C93732-C4EA-4EB3-889B-403A5F37D6D2}.Release|Any CPU.Build.0 = Release|Any CPU
		{AFFBB2C3-40F2-4597-9140-9EB2C2F4A603}.Debug|Any CPU.ActiveCfg = Debug|Any CPU
		{AFFBB2C3-40F2-4597-9140-9EB2C2F4A603}.Debug|Any CPU.Build.0 = Debug|Any CPU
		{AFFBB2C3-40F2-4597-9140-9EB2C2F4A603}.Release|Any CPU.ActiveCfg = Release|Any CPU
		{AFFBB2C3-40F2-4597-9140-9EB2C2F4A603}.Release|Any CPU.Build.0 = Release|Any CPU
		{6AEC25D4-575D-497C-A21A-EDC5215EB477}.Debug|Any CPU.ActiveCfg = Debug|Any CPU
		{6AEC25D4-575D-497C-A21A-EDC5215EB477}.Debug|Any CPU.Build.0 = Debug|Any CPU
		{6AEC25D4-575D-497C-A21A-EDC5215EB477}.Release|Any CPU.ActiveCfg = Release|Any CPU
		{6AEC25D4-575D-497C-A21A-EDC5215EB477}.Release|Any CPU.Build.0 = Release|Any CPU
		{505858E6-5388-43C2-9BF0-793886D7DAF5}.Debug|Any CPU.ActiveCfg = Debug|Any CPU
		{505858E6-5388-43C2-9BF0-793886D7DAF5}.Debug|Any CPU.Build.0 = Debug|Any CPU
		{505858E6-5388-43C2-9BF0-793886D7DAF5}.Release|Any CPU.ActiveCfg = Release|Any CPU
		{505858E6-5388-43C2-9BF0-793886D7DAF5}.Release|Any CPU.Build.0 = Release|Any CPU
		{9FDCCD1C-5240-4F8D-A2F6-5EABF7CD42F7}.Debug|Any CPU.ActiveCfg = Debug|Any CPU
		{9FDCCD1C-5240-4F8D-A2F6-5EABF7CD42F7}.Debug|Any CPU.Build.0 = Debug|Any CPU
		{9FDCCD1C-5240-4F8D-A2F6-5EABF7CD42F7}.Release|Any CPU.ActiveCfg = Release|Any CPU
		{9FDCCD1C-5240-4F8D-A2F6-5EABF7CD42F7}.Release|Any CPU.Build.0 = Release|Any CPU
	EndGlobalSection
	GlobalSection(SolutionProperties) = preSolution
		HideSolutionNode = FALSE
	EndGlobalSection
	GlobalSection(ExtensibilityGlobals) = postSolution
		SolutionGuid = {BEEAE4EB-DB67-40A1-A294-CFA7285B9345}
	EndGlobalSection
EndGlobal
